<?xml version="1.0" encoding="UTF-8"?>
<!DOCTYPE plist PUBLIC "-//Apple//DTD PLIST 1.0//EN" "http://www.apple.com/DTDs/PropertyList-1.0.dtd">
<plist version="1.0">
<dict>
	<key>archiveVersion</key>
	<string>1</string>
	<key>classes</key>
	<dict/>
	<key>objectVersion</key>
	<string>46</string>
	<key>objects</key>
	<dict>
		<key>3FDD8401E13B4A509E9DBC6C</key>
		<dict>
			<key>explicitFileType</key>
			<string>archive.ar</string>
			<key>includeInIndex</key>
			<string>0</string>
			<key>isa</key>
			<string>PBXFileReference</string>
			<key>name</key>
			<string>libPods.a</string>
			<key>path</key>
			<string>libPods.a</string>
			<key>sourceTree</key>
			<string>BUILT_PRODUCTS_DIR</string>
		</dict>
		<key>7B0DBF926A2F48D9BC6513C1</key>
		<dict>
			<key>fileRef</key>
			<string>3FDD8401E13B4A509E9DBC6C</string>
			<key>isa</key>
			<string>PBXBuildFile</string>
			<key>settings</key>
			<dict/>
		</dict>
		<key>7C01D4EF16EE0B70004216EC</key>
		<dict>
			<key>isa</key>
			<string>PBXFileReference</string>
			<key>lastKnownFileType</key>
			<string>image.jpeg</string>
			<key>path</key>
			<string>background.jpg</string>
			<key>sourceTree</key>
			<string>&lt;group&gt;</string>
		</dict>
		<key>7C01D4F016EE0B70004216EC</key>
		<dict>
			<key>isa</key>
			<string>PBXFileReference</string>
			<key>lastKnownFileType</key>
			<string>image.jpeg</string>
			<key>path</key>
			<string>background@2x.jpg</string>
			<key>sourceTree</key>
			<string>&lt;group&gt;</string>
		</dict>
		<key>7C01D4F116EE0B70004216EC</key>
		<dict>
			<key>isa</key>
			<string>PBXFileReference</string>
			<key>lastKnownFileType</key>
			<string>image.png</string>
			<key>path</key>
			<string>brandymint_logo_white.png</string>
			<key>sourceTree</key>
			<string>&lt;group&gt;</string>
		</dict>
		<key>7C01D4F216EE0B70004216EC</key>
		<dict>
			<key>isa</key>
			<string>PBXFileReference</string>
			<key>lastKnownFileType</key>
			<string>image.png</string>
			<key>path</key>
			<string>brandymint_logo_white@2x.png</string>
			<key>sourceTree</key>
			<string>&lt;group&gt;</string>
		</dict>
		<key>7C01D4F316EE0B70004216EC</key>
		<dict>
			<key>isa</key>
			<string>PBXFileReference</string>
			<key>lastKnownFileType</key>
			<string>image.png</string>
			<key>path</key>
			<string>icon-agile.png</string>
			<key>sourceTree</key>
			<string>&lt;group&gt;</string>
		</dict>
		<key>7C01D4F416EE0B70004216EC</key>
		<dict>
			<key>isa</key>
			<string>PBXFileReference</string>
			<key>lastKnownFileType</key>
			<string>image.png</string>
			<key>path</key>
			<string>icon-agile@2x.png</string>
			<key>sourceTree</key>
			<string>&lt;group&gt;</string>
		</dict>
		<key>7C01D4F516EE0B70004216EC</key>
		<dict>
			<key>isa</key>
			<string>PBXFileReference</string>
			<key>lastKnownFileType</key>
			<string>image.png</string>
			<key>path</key>
			<string>icon-cloud-tap.png</string>
			<key>sourceTree</key>
			<string>&lt;group&gt;</string>
		</dict>
		<key>7C01D4F616EE0B70004216EC</key>
		<dict>
			<key>isa</key>
			<string>PBXFileReference</string>
			<key>lastKnownFileType</key>
			<string>image.png</string>
			<key>path</key>
			<string>icon-cloud-tap@2x.png</string>
			<key>sourceTree</key>
			<string>&lt;group&gt;</string>
		</dict>
		<key>7C01D4F716EE0B70004216EC</key>
		<dict>
			<key>isa</key>
			<string>PBXFileReference</string>
			<key>lastKnownFileType</key>
			<string>image.png</string>
			<key>path</key>
			<string>icon-cloud.png</string>
			<key>sourceTree</key>
			<string>&lt;group&gt;</string>
		</dict>
		<key>7C01D4F816EE0B70004216EC</key>
		<dict>
			<key>isa</key>
			<string>PBXFileReference</string>
			<key>lastKnownFileType</key>
			<string>image.png</string>
			<key>path</key>
			<string>icon-cloud@2x.png</string>
			<key>sourceTree</key>
			<string>&lt;group&gt;</string>
		</dict>
		<key>7C01D4F916EE0B70004216EC</key>
		<dict>
			<key>isa</key>
			<string>PBXFileReference</string>
			<key>lastKnownFileType</key>
			<string>image.png</string>
			<key>path</key>
			<string>icon-location.png</string>
			<key>sourceTree</key>
			<string>&lt;group&gt;</string>
		</dict>
		<key>7C01D4FA16EE0B70004216EC</key>
		<dict>
			<key>isa</key>
			<string>PBXFileReference</string>
			<key>lastKnownFileType</key>
			<string>image.png</string>
			<key>path</key>
			<string>icon-location@2x.png</string>
			<key>sourceTree</key>
			<string>&lt;group&gt;</string>
		</dict>
		<key>7C01D4FB16EE0B70004216EC</key>
		<dict>
			<key>isa</key>
			<string>PBXFileReference</string>
			<key>lastKnownFileType</key>
			<string>image.png</string>
			<key>path</key>
			<string>icon-projects.png</string>
			<key>sourceTree</key>
			<string>&lt;group&gt;</string>
		</dict>
		<key>7C01D4FC16EE0B70004216EC</key>
		<dict>
			<key>isa</key>
			<string>PBXFileReference</string>
			<key>lastKnownFileType</key>
			<string>image.png</string>
			<key>path</key>
			<string>icon-projects@2x.png</string>
			<key>sourceTree</key>
			<string>&lt;group&gt;</string>
		</dict>
		<key>7C01D4FD16EE0B70004216EC</key>
		<dict>
			<key>isa</key>
			<string>PBXFileReference</string>
			<key>lastKnownFileType</key>
			<string>image.png</string>
			<key>path</key>
			<string>icon-right.png</string>
			<key>sourceTree</key>
			<string>&lt;group&gt;</string>
		</dict>
		<key>7C01D4FE16EE0B70004216EC</key>
		<dict>
			<key>isa</key>
			<string>PBXFileReference</string>
			<key>lastKnownFileType</key>
			<string>image.png</string>
			<key>path</key>
			<string>icon-right@2x.png</string>
			<key>sourceTree</key>
			<string>&lt;group&gt;</string>
		</dict>
		<key>7C01D4FF16EE0B70004216EC</key>
		<dict>
			<key>isa</key>
			<string>PBXFileReference</string>
			<key>lastKnownFileType</key>
			<string>image.png</string>
			<key>path</key>
			<string>icon-rocket.png</string>
			<key>sourceTree</key>
			<string>&lt;group&gt;</string>
		</dict>
		<key>7C01D50016EE0B70004216EC</key>
		<dict>
			<key>isa</key>
			<string>PBXFileReference</string>
			<key>lastKnownFileType</key>
			<string>image.png</string>
			<key>path</key>
			<string>icon-rocket@2x.png</string>
			<key>sourceTree</key>
			<string>&lt;group&gt;</string>
		</dict>
		<key>7C01D50116EE0B70004216EC</key>
		<dict>
			<key>isa</key>
			<string>PBXFileReference</string>
			<key>lastKnownFileType</key>
			<string>image.png</string>
			<key>path</key>
			<string>icon-share.png</string>
			<key>sourceTree</key>
			<string>&lt;group&gt;</string>
		</dict>
		<key>7C01D50216EE0B70004216EC</key>
		<dict>
			<key>isa</key>
			<string>PBXFileReference</string>
			<key>lastKnownFileType</key>
			<string>image.png</string>
			<key>path</key>
			<string>icon-share@2x.png</string>
			<key>sourceTree</key>
			<string>&lt;group&gt;</string>
		</dict>
		<key>7C01D50316EE0B70004216EC</key>
		<dict>
			<key>isa</key>
			<string>PBXFileReference</string>
			<key>lastKnownFileType</key>
			<string>image.jpeg</string>
			<key>path</key>
			<string>potee_screenshot.jpg</string>
			<key>sourceTree</key>
			<string>&lt;group&gt;</string>
		</dict>
		<key>7C01D50416EE0B70004216EC</key>
		<dict>
			<key>isa</key>
			<string>PBXFileReference</string>
			<key>lastKnownFileType</key>
			<string>image.jpeg</string>
			<key>path</key>
			<string>potee_screenshot@2x.jpg</string>
			<key>sourceTree</key>
			<string>&lt;group&gt;</string>
		</dict>
		<key>7C01D50516EE0B70004216EC</key>
		<dict>
			<key>fileRef</key>
			<string>7C01D4EF16EE0B70004216EC</string>
			<key>isa</key>
			<string>PBXBuildFile</string>
		</dict>
		<key>7C01D50616EE0B70004216EC</key>
		<dict>
			<key>fileRef</key>
			<string>7C01D4F016EE0B70004216EC</string>
			<key>isa</key>
			<string>PBXBuildFile</string>
		</dict>
		<key>7C01D50716EE0B70004216EC</key>
		<dict>
			<key>fileRef</key>
			<string>7C01D4F116EE0B70004216EC</string>
			<key>isa</key>
			<string>PBXBuildFile</string>
		</dict>
		<key>7C01D50816EE0B70004216EC</key>
		<dict>
			<key>fileRef</key>
			<string>7C01D4F216EE0B70004216EC</string>
			<key>isa</key>
			<string>PBXBuildFile</string>
		</dict>
		<key>7C01D50916EE0B70004216EC</key>
		<dict>
			<key>fileRef</key>
			<string>7C01D4F316EE0B70004216EC</string>
			<key>isa</key>
			<string>PBXBuildFile</string>
		</dict>
		<key>7C01D50A16EE0B70004216EC</key>
		<dict>
			<key>fileRef</key>
			<string>7C01D4F416EE0B70004216EC</string>
			<key>isa</key>
			<string>PBXBuildFile</string>
		</dict>
		<key>7C01D50B16EE0B70004216EC</key>
		<dict>
			<key>fileRef</key>
			<string>7C01D4F516EE0B70004216EC</string>
			<key>isa</key>
			<string>PBXBuildFile</string>
		</dict>
		<key>7C01D50C16EE0B70004216EC</key>
		<dict>
			<key>fileRef</key>
			<string>7C01D4F616EE0B70004216EC</string>
			<key>isa</key>
			<string>PBXBuildFile</string>
		</dict>
		<key>7C01D50D16EE0B70004216EC</key>
		<dict>
			<key>fileRef</key>
			<string>7C01D4F716EE0B70004216EC</string>
			<key>isa</key>
			<string>PBXBuildFile</string>
		</dict>
		<key>7C01D50E16EE0B70004216EC</key>
		<dict>
			<key>fileRef</key>
			<string>7C01D4F816EE0B70004216EC</string>
			<key>isa</key>
			<string>PBXBuildFile</string>
		</dict>
		<key>7C01D50F16EE0B70004216EC</key>
		<dict>
			<key>fileRef</key>
			<string>7C01D4F916EE0B70004216EC</string>
			<key>isa</key>
			<string>PBXBuildFile</string>
		</dict>
		<key>7C01D51016EE0B70004216EC</key>
		<dict>
			<key>fileRef</key>
			<string>7C01D4FA16EE0B70004216EC</string>
			<key>isa</key>
			<string>PBXBuildFile</string>
		</dict>
		<key>7C01D51116EE0B70004216EC</key>
		<dict>
			<key>fileRef</key>
			<string>7C01D4FB16EE0B70004216EC</string>
			<key>isa</key>
			<string>PBXBuildFile</string>
		</dict>
		<key>7C01D51216EE0B70004216EC</key>
		<dict>
			<key>fileRef</key>
			<string>7C01D4FC16EE0B70004216EC</string>
			<key>isa</key>
			<string>PBXBuildFile</string>
		</dict>
		<key>7C01D51316EE0B70004216EC</key>
		<dict>
			<key>fileRef</key>
			<string>7C01D4FD16EE0B70004216EC</string>
			<key>isa</key>
			<string>PBXBuildFile</string>
		</dict>
		<key>7C01D51416EE0B70004216EC</key>
		<dict>
			<key>fileRef</key>
			<string>7C01D4FE16EE0B70004216EC</string>
			<key>isa</key>
			<string>PBXBuildFile</string>
		</dict>
		<key>7C01D51516EE0B70004216EC</key>
		<dict>
			<key>fileRef</key>
			<string>7C01D4FF16EE0B70004216EC</string>
			<key>isa</key>
			<string>PBXBuildFile</string>
		</dict>
		<key>7C01D51616EE0B70004216EC</key>
		<dict>
			<key>fileRef</key>
			<string>7C01D50016EE0B70004216EC</string>
			<key>isa</key>
			<string>PBXBuildFile</string>
		</dict>
		<key>7C01D51716EE0B70004216EC</key>
		<dict>
			<key>fileRef</key>
			<string>7C01D50116EE0B70004216EC</string>
			<key>isa</key>
			<string>PBXBuildFile</string>
		</dict>
		<key>7C01D51816EE0B70004216EC</key>
		<dict>
			<key>fileRef</key>
			<string>7C01D50216EE0B70004216EC</string>
			<key>isa</key>
			<string>PBXBuildFile</string>
		</dict>
		<key>7C01D51916EE0B70004216EC</key>
		<dict>
			<key>fileRef</key>
			<string>7C01D50316EE0B70004216EC</string>
			<key>isa</key>
			<string>PBXBuildFile</string>
		</dict>
		<key>7C01D51A16EE0B70004216EC</key>
		<dict>
			<key>fileRef</key>
			<string>7C01D50416EE0B70004216EC</string>
			<key>isa</key>
			<string>PBXBuildFile</string>
		</dict>
		<key>7C3DC5A816EF453B00C00066</key>
		<dict>
			<key>children</key>
			<array>
				<string>7C3DC5A916EF45D900C00066</string>
				<string>7C3DC5AA16EF45D900C00066</string>
			</array>
			<key>isa</key>
			<string>PBXGroup</string>
			<key>path</key>
			<string>Animations</string>
			<key>sourceTree</key>
			<string>&lt;group&gt;</string>
		</dict>
		<key>7C3DC5A916EF45D900C00066</key>
		<dict>
			<key>fileEncoding</key>
			<string>4</string>
			<key>isa</key>
			<string>PBXFileReference</string>
			<key>lastKnownFileType</key>
			<string>sourcecode.c.h</string>
			<key>path</key>
			<string>OwnSectorsAnim.h</string>
			<key>sourceTree</key>
			<string>&lt;group&gt;</string>
		</dict>
		<key>7C3DC5AA16EF45D900C00066</key>
		<dict>
			<key>fileEncoding</key>
			<string>4</string>
			<key>isa</key>
			<string>PBXFileReference</string>
			<key>lastKnownFileType</key>
			<string>sourcecode.c.objc</string>
			<key>path</key>
			<string>OwnSectorsAnim.m</string>
			<key>sourceTree</key>
			<string>&lt;group&gt;</string>
		</dict>
		<key>7C3DC5AB16EF45D900C00066</key>
		<dict>
			<key>fileRef</key>
			<string>7C3DC5AA16EF45D900C00066</string>
			<key>isa</key>
			<string>PBXBuildFile</string>
		</dict>
		<key>7C8191DE16E867A000B71598</key>
		<dict>
			<key>children</key>
			<array>
				<string>7C8191F516E867A000B71598</string>
				<string>7C81921716E867A000B71598</string>
				<string>7C8191EC16E867A000B71598</string>
				<string>7C8191EA16E867A000B71598</string>
				<string>EE832F4F9DB24A7F935CD76D</string>
			</array>
			<key>isa</key>
			<string>PBXGroup</string>
			<key>sourceTree</key>
			<string>&lt;group&gt;</string>
		</dict>
		<key>7C8191E016E867A000B71598</key>
		<dict>
			<key>attributes</key>
			<dict>
				<key>LastUpgradeCheck</key>
				<string>0450</string>
				<key>ORGANIZATIONNAME</key>
				<string>denisdbv@gmail.com</string>
			</dict>
			<key>buildConfigurationList</key>
			<string>7C8191E316E867A000B71598</string>
			<key>compatibilityVersion</key>
			<string>Xcode 3.2</string>
			<key>developmentRegion</key>
			<string>English</string>
			<key>hasScannedForEncodings</key>
			<string>0</string>
			<key>isa</key>
			<string>PBXProject</string>
			<key>knownRegions</key>
			<array>
				<string>en</string>
			</array>
			<key>mainGroup</key>
			<string>7C8191DE16E867A000B71598</string>
			<key>productRefGroup</key>
			<string>7C8191EA16E867A000B71598</string>
			<key>projectDirPath</key>
			<string></string>
			<key>projectReferences</key>
			<array/>
			<key>projectRoot</key>
			<string></string>
			<key>targets</key>
			<array>
				<string>7C8191E816E867A000B71598</string>
				<string>7C81920E16E867A000B71598</string>
			</array>
		</dict>
		<key>7C8191E316E867A000B71598</key>
		<dict>
			<key>buildConfigurations</key>
			<array>
				<string>7C81922016E867A000B71598</string>
				<string>7C81922116E867A000B71598</string>
			</array>
			<key>defaultConfigurationIsVisible</key>
			<string>0</string>
			<key>defaultConfigurationName</key>
			<string>Release</string>
			<key>isa</key>
			<string>XCConfigurationList</string>
		</dict>
		<key>7C8191E516E867A000B71598</key>
		<dict>
			<key>buildActionMask</key>
			<string>2147483647</string>
			<key>files</key>
			<array>
				<string>7C8191FC16E867A000B71598</string>
				<string>7C81920016E867A000B71598</string>
				<string>7C81920916E867A000B71598</string>
				<string>7C81922E16E8685A00B71598</string>
				<string>7C81924416E86D0B00B71598</string>
				<string>7C3DC5AB16EF45D900C00066</string>
				<string>83B2380716EF8A4200AA4E46</string>
				<string>83B2380B16EF92E900AA4E46</string>
			</array>
			<key>isa</key>
			<string>PBXSourcesBuildPhase</string>
			<key>runOnlyForDeploymentPostprocessing</key>
			<string>0</string>
		</dict>
		<key>7C8191E616E867A000B71598</key>
		<dict>
			<key>buildActionMask</key>
			<string>2147483647</string>
			<key>files</key>
			<array>
				<string>7C8191EE16E867A000B71598</string>
				<string>7C8191F016E867A000B71598</string>
				<string>7C8191F216E867A000B71598</string>
				<string>7C8191F416E867A000B71598</string>
				<string>7B0DBF926A2F48D9BC6513C1</string>
			</array>
			<key>isa</key>
			<string>PBXFrameworksBuildPhase</string>
			<key>runOnlyForDeploymentPostprocessing</key>
			<string>0</string>
		</dict>
		<key>7C8191E716E867A000B71598</key>
		<dict>
			<key>buildActionMask</key>
			<string>2147483647</string>
			<key>files</key>
			<array>
				<string>7C8191FA16E867A000B71598</string>
				<string>7C81920216E867A000B71598</string>
				<string>7C81920416E867A000B71598</string>
				<string>7C81920616E867A000B71598</string>
				<string>7C81922F16E8685A00B71598</string>
				<string>7C81923D16E86B1400B71598</string>
				<string>7C81923E16E86B1400B71598</string>
				<string>7C81923F16E86B1400B71598</string>
				<string>7C81924516E86D0B00B71598</string>
				<string>7C81926816E8B4C500B71598</string>
				<string>7C01D50516EE0B70004216EC</string>
				<string>7C01D50616EE0B70004216EC</string>
				<string>7C01D50716EE0B70004216EC</string>
				<string>7C01D50816EE0B70004216EC</string>
				<string>7C01D50916EE0B70004216EC</string>
				<string>7C01D50A16EE0B70004216EC</string>
				<string>7C01D50B16EE0B70004216EC</string>
				<string>7C01D50C16EE0B70004216EC</string>
				<string>7C01D50D16EE0B70004216EC</string>
				<string>7C01D50E16EE0B70004216EC</string>
				<string>7C01D50F16EE0B70004216EC</string>
				<string>7C01D51016EE0B70004216EC</string>
				<string>7C01D51116EE0B70004216EC</string>
				<string>7C01D51216EE0B70004216EC</string>
				<string>7C01D51316EE0B70004216EC</string>
				<string>7C01D51416EE0B70004216EC</string>
				<string>7C01D51516EE0B70004216EC</string>
				<string>7C01D51616EE0B70004216EC</string>
				<string>7C01D51716EE0B70004216EC</string>
				<string>7C01D51816EE0B70004216EC</string>
				<string>7C01D51916EE0B70004216EC</string>
				<string>7C01D51A16EE0B70004216EC</string>
			</array>
			<key>isa</key>
			<string>PBXResourcesBuildPhase</string>
			<key>runOnlyForDeploymentPostprocessing</key>
			<string>0</string>
		</dict>
		<key>7C8191E816E867A000B71598</key>
		<dict>
			<key>buildConfigurationList</key>
			<string>7C81922216E867A000B71598</string>
			<key>buildPhases</key>
			<array>
				<string>7C8191E516E867A000B71598</string>
				<string>7C8191E616E867A000B71598</string>
				<string>7C8191E716E867A000B71598</string>
				<string>7C81924616E898FA00B71598</string>
				<string>BA7DC43C4C2E4809B6772A37</string>
			</array>
			<key>buildRules</key>
			<array/>
			<key>dependencies</key>
			<array/>
			<key>isa</key>
			<string>PBXNativeTarget</string>
			<key>name</key>
			<string>Brandymint</string>
			<key>productName</key>
			<string>Brandymint</string>
			<key>productReference</key>
			<string>7C8191E916E867A000B71598</string>
			<key>productType</key>
			<string>com.apple.product-type.application</string>
		</dict>
		<key>7C8191E916E867A000B71598</key>
		<dict>
			<key>explicitFileType</key>
			<string>wrapper.application</string>
			<key>includeInIndex</key>
			<string>0</string>
			<key>isa</key>
			<string>PBXFileReference</string>
			<key>path</key>
			<string>Brandymint.app</string>
			<key>sourceTree</key>
			<string>BUILT_PRODUCTS_DIR</string>
		</dict>
		<key>7C8191EA16E867A000B71598</key>
		<dict>
			<key>children</key>
			<array>
				<string>7C8191E916E867A000B71598</string>
				<string>7C81920F16E867A000B71598</string>
			</array>
			<key>isa</key>
			<string>PBXGroup</string>
			<key>name</key>
			<string>Products</string>
			<key>sourceTree</key>
			<string>&lt;group&gt;</string>
		</dict>
		<key>7C8191EC16E867A000B71598</key>
		<dict>
			<key>children</key>
			<array>
				<string>7C8191ED16E867A000B71598</string>
				<string>7C8191EF16E867A000B71598</string>
				<string>7C8191F116E867A000B71598</string>
				<string>7C8191F316E867A000B71598</string>
				<string>7C81921016E867A000B71598</string>
				<string>3FDD8401E13B4A509E9DBC6C</string>
			</array>
			<key>isa</key>
			<string>PBXGroup</string>
			<key>name</key>
			<string>Frameworks</string>
			<key>sourceTree</key>
			<string>&lt;group&gt;</string>
		</dict>
		<key>7C8191ED16E867A000B71598</key>
		<dict>
			<key>isa</key>
			<string>PBXFileReference</string>
			<key>lastKnownFileType</key>
			<string>wrapper.framework</string>
			<key>name</key>
			<string>UIKit.framework</string>
			<key>path</key>
			<string>System/Library/Frameworks/UIKit.framework</string>
			<key>sourceTree</key>
			<string>SDKROOT</string>
		</dict>
		<key>7C8191EE16E867A000B71598</key>
		<dict>
			<key>fileRef</key>
			<string>7C8191ED16E867A000B71598</string>
			<key>isa</key>
			<string>PBXBuildFile</string>
		</dict>
		<key>7C8191EF16E867A000B71598</key>
		<dict>
			<key>isa</key>
			<string>PBXFileReference</string>
			<key>lastKnownFileType</key>
			<string>wrapper.framework</string>
			<key>name</key>
			<string>Foundation.framework</string>
			<key>path</key>
			<string>System/Library/Frameworks/Foundation.framework</string>
			<key>sourceTree</key>
			<string>SDKROOT</string>
		</dict>
		<key>7C8191F016E867A000B71598</key>
		<dict>
			<key>fileRef</key>
			<string>7C8191EF16E867A000B71598</string>
			<key>isa</key>
			<string>PBXBuildFile</string>
		</dict>
		<key>7C8191F116E867A000B71598</key>
		<dict>
			<key>isa</key>
			<string>PBXFileReference</string>
			<key>lastKnownFileType</key>
			<string>wrapper.framework</string>
			<key>name</key>
			<string>CoreGraphics.framework</string>
			<key>path</key>
			<string>System/Library/Frameworks/CoreGraphics.framework</string>
			<key>sourceTree</key>
			<string>SDKROOT</string>
		</dict>
		<key>7C8191F216E867A000B71598</key>
		<dict>
			<key>fileRef</key>
			<string>7C8191F116E867A000B71598</string>
			<key>isa</key>
			<string>PBXBuildFile</string>
		</dict>
		<key>7C8191F316E867A000B71598</key>
		<dict>
			<key>isa</key>
			<string>PBXFileReference</string>
			<key>lastKnownFileType</key>
			<string>wrapper.framework</string>
			<key>name</key>
			<string>CoreData.framework</string>
			<key>path</key>
			<string>System/Library/Frameworks/CoreData.framework</string>
			<key>sourceTree</key>
			<string>SDKROOT</string>
		</dict>
		<key>7C8191F416E867A000B71598</key>
		<dict>
			<key>fileRef</key>
			<string>7C8191F316E867A000B71598</string>
			<key>isa</key>
			<string>PBXBuildFile</string>
		</dict>
		<key>7C8191F516E867A000B71598</key>
		<dict>
			<key>children</key>
			<array>
				<string>7C3DC5A816EF453B00C00066</string>
				<string>7C81922816E867FE00B71598</string>
				<string>7C81922916E867FE00B71598</string>
				<string>8392726A16EF9B3A00C9D303</string>
				<string>8392726916EF9B2900C9D303</string>
				<string>7C8191F616E867A000B71598</string>
				<string>7C81926716E8B4C500B71598</string>
			</array>
			<key>isa</key>
			<string>PBXGroup</string>
			<key>path</key>
			<string>Brandymint</string>
			<key>sourceTree</key>
			<string>&lt;group&gt;</string>
		</dict>
		<key>7C8191F616E867A000B71598</key>
		<dict>
			<key>children</key>
			<array>
				<string>7C8191F716E867A000B71598</string>
				<string>7C8191F816E867A000B71598</string>
				<string>7C8191FB16E867A000B71598</string>
				<string>7C8191FD16E867A000B71598</string>
				<string>7C81920116E867A000B71598</string>
				<string>7C81920316E867A000B71598</string>
				<string>7C81920516E867A000B71598</string>
			</array>
			<key>isa</key>
			<string>PBXGroup</string>
			<key>name</key>
			<string>Supporting Files</string>
			<key>sourceTree</key>
			<string>&lt;group&gt;</string>
		</dict>
		<key>7C8191F716E867A000B71598</key>
		<dict>
			<key>isa</key>
			<string>PBXFileReference</string>
			<key>lastKnownFileType</key>
			<string>text.plist.xml</string>
			<key>path</key>
			<string>Brandymint-Info.plist</string>
			<key>sourceTree</key>
			<string>&lt;group&gt;</string>
		</dict>
		<key>7C8191F816E867A000B71598</key>
		<dict>
			<key>children</key>
			<array>
				<string>7C8191F916E867A000B71598</string>
			</array>
			<key>isa</key>
			<string>PBXVariantGroup</string>
			<key>name</key>
			<string>InfoPlist.strings</string>
			<key>sourceTree</key>
			<string>&lt;group&gt;</string>
		</dict>
		<key>7C8191F916E867A000B71598</key>
		<dict>
			<key>isa</key>
			<string>PBXFileReference</string>
			<key>lastKnownFileType</key>
			<string>text.plist.strings</string>
			<key>name</key>
			<string>en</string>
			<key>path</key>
			<string>en.lproj/InfoPlist.strings</string>
			<key>sourceTree</key>
			<string>&lt;group&gt;</string>
		</dict>
		<key>7C8191FA16E867A000B71598</key>
		<dict>
			<key>fileRef</key>
			<string>7C8191F816E867A000B71598</string>
			<key>isa</key>
			<string>PBXBuildFile</string>
		</dict>
		<key>7C8191FB16E867A000B71598</key>
		<dict>
			<key>isa</key>
			<string>PBXFileReference</string>
			<key>lastKnownFileType</key>
			<string>sourcecode.c.objc</string>
			<key>path</key>
			<string>main.m</string>
			<key>sourceTree</key>
			<string>&lt;group&gt;</string>
		</dict>
		<key>7C8191FC16E867A000B71598</key>
		<dict>
			<key>fileRef</key>
			<string>7C8191FB16E867A000B71598</string>
			<key>isa</key>
			<string>PBXBuildFile</string>
		</dict>
		<key>7C8191FD16E867A000B71598</key>
		<dict>
			<key>isa</key>
			<string>PBXFileReference</string>
			<key>lastKnownFileType</key>
			<string>sourcecode.c.h</string>
			<key>path</key>
			<string>Brandymint-Prefix.pch</string>
			<key>sourceTree</key>
			<string>&lt;group&gt;</string>
		</dict>
		<key>7C8191FE16E867A000B71598</key>
		<dict>
			<key>isa</key>
			<string>PBXFileReference</string>
			<key>lastKnownFileType</key>
			<string>sourcecode.c.h</string>
			<key>path</key>
			<string>AppDelegate.h</string>
			<key>sourceTree</key>
			<string>&lt;group&gt;</string>
		</dict>
		<key>7C8191FF16E867A000B71598</key>
		<dict>
			<key>isa</key>
			<string>PBXFileReference</string>
			<key>lastKnownFileType</key>
			<string>sourcecode.c.objc</string>
			<key>path</key>
			<string>AppDelegate.m</string>
			<key>sourceTree</key>
			<string>&lt;group&gt;</string>
		</dict>
		<key>7C81920016E867A000B71598</key>
		<dict>
			<key>fileRef</key>
			<string>7C8191FF16E867A000B71598</string>
			<key>isa</key>
			<string>PBXBuildFile</string>
		</dict>
		<key>7C81920116E867A000B71598</key>
		<dict>
			<key>isa</key>
			<string>PBXFileReference</string>
			<key>lastKnownFileType</key>
			<string>image.png</string>
			<key>path</key>
			<string>Default.png</string>
			<key>sourceTree</key>
			<string>&lt;group&gt;</string>
		</dict>
		<key>7C81920216E867A000B71598</key>
		<dict>
			<key>fileRef</key>
			<string>7C81920116E867A000B71598</string>
			<key>isa</key>
			<string>PBXBuildFile</string>
		</dict>
		<key>7C81920316E867A000B71598</key>
		<dict>
			<key>isa</key>
			<string>PBXFileReference</string>
			<key>lastKnownFileType</key>
			<string>image.png</string>
			<key>path</key>
			<string>Default@2x.png</string>
			<key>sourceTree</key>
			<string>&lt;group&gt;</string>
		</dict>
		<key>7C81920416E867A000B71598</key>
		<dict>
			<key>fileRef</key>
			<string>7C81920316E867A000B71598</string>
			<key>isa</key>
			<string>PBXBuildFile</string>
		</dict>
		<key>7C81920516E867A000B71598</key>
		<dict>
			<key>isa</key>
			<string>PBXFileReference</string>
			<key>lastKnownFileType</key>
			<string>image.png</string>
			<key>path</key>
			<string>Default-568h@2x.png</string>
			<key>sourceTree</key>
			<string>&lt;group&gt;</string>
		</dict>
		<key>7C81920616E867A000B71598</key>
		<dict>
			<key>fileRef</key>
			<string>7C81920516E867A000B71598</string>
			<key>isa</key>
			<string>PBXBuildFile</string>
		</dict>
		<key>7C81920716E867A000B71598</key>
		<dict>
			<key>children</key>
			<array>
				<string>7C81920816E867A000B71598</string>
			</array>
			<key>currentVersion</key>
			<string>7C81920816E867A000B71598</string>
			<key>isa</key>
			<string>XCVersionGroup</string>
			<key>path</key>
			<string>Brandymint.xcdatamodeld</string>
			<key>sourceTree</key>
			<string>&lt;group&gt;</string>
			<key>versionGroupType</key>
			<string>wrapper.xcdatamodel</string>
		</dict>
		<key>7C81920816E867A000B71598</key>
		<dict>
			<key>isa</key>
			<string>PBXFileReference</string>
			<key>lastKnownFileType</key>
			<string>wrapper.xcdatamodel</string>
			<key>path</key>
			<string>Brandymint.xcdatamodel</string>
			<key>sourceTree</key>
			<string>&lt;group&gt;</string>
		</dict>
		<key>7C81920916E867A000B71598</key>
		<dict>
			<key>fileRef</key>
			<string>7C81920716E867A000B71598</string>
			<key>isa</key>
			<string>PBXBuildFile</string>
		</dict>
		<key>7C81920A16E867A000B71598</key>
		<dict>
			<key>buildActionMask</key>
			<string>2147483647</string>
			<key>files</key>
			<array>
				<string>7C81921F16E867A000B71598</string>
				<string>83B2380816EF8A4200AA4E46</string>
				<string>83B2380C16EF92E900AA4E46</string>
			</array>
			<key>isa</key>
			<string>PBXSourcesBuildPhase</string>
			<key>runOnlyForDeploymentPostprocessing</key>
			<string>0</string>
		</dict>
		<key>7C81920B16E867A000B71598</key>
		<dict>
			<key>buildActionMask</key>
			<string>2147483647</string>
			<key>files</key>
			<array>
				<string>7C81921116E867A000B71598</string>
				<string>7C81921216E867A000B71598</string>
				<string>7C81921316E867A000B71598</string>
				<string>7C81921416E867A000B71598</string>
			</array>
			<key>isa</key>
			<string>PBXFrameworksBuildPhase</string>
			<key>runOnlyForDeploymentPostprocessing</key>
			<string>0</string>
		</dict>
		<key>7C81920C16E867A000B71598</key>
		<dict>
			<key>buildActionMask</key>
			<string>2147483647</string>
			<key>files</key>
			<array>
				<string>7C81921C16E867A000B71598</string>
			</array>
			<key>isa</key>
			<string>PBXResourcesBuildPhase</string>
			<key>runOnlyForDeploymentPostprocessing</key>
			<string>0</string>
		</dict>
		<key>7C81920D16E867A000B71598</key>
		<dict>
			<key>buildActionMask</key>
			<string>2147483647</string>
			<key>files</key>
			<array/>
			<key>inputPaths</key>
			<array/>
			<key>isa</key>
			<string>PBXShellScriptBuildPhase</string>
			<key>outputPaths</key>
			<array/>
			<key>runOnlyForDeploymentPostprocessing</key>
			<string>0</string>
			<key>shellPath</key>
			<string>/bin/sh</string>
			<key>shellScript</key>
			<string># Run the unit tests in this test bundle.
"${SYSTEM_DEVELOPER_DIR}/Tools/RunUnitTests"
</string>
		</dict>
		<key>7C81920E16E867A000B71598</key>
		<dict>
			<key>buildConfigurationList</key>
			<string>7C81922516E867A000B71598</string>
			<key>buildPhases</key>
			<array>
				<string>7C81920A16E867A000B71598</string>
				<string>7C81920B16E867A000B71598</string>
				<string>7C81920C16E867A000B71598</string>
				<string>7C81920D16E867A000B71598</string>
			</array>
			<key>buildRules</key>
			<array/>
			<key>dependencies</key>
			<array>
				<string>7C81921616E867A000B71598</string>
			</array>
			<key>isa</key>
			<string>PBXNativeTarget</string>
			<key>name</key>
			<string>BrandymintTests</string>
			<key>productName</key>
			<string>BrandymintTests</string>
			<key>productReference</key>
			<string>7C81920F16E867A000B71598</string>
			<key>productType</key>
			<string>com.apple.product-type.bundle</string>
		</dict>
		<key>7C81920F16E867A000B71598</key>
		<dict>
			<key>explicitFileType</key>
			<string>wrapper.cfbundle</string>
			<key>includeInIndex</key>
			<string>0</string>
			<key>isa</key>
			<string>PBXFileReference</string>
			<key>path</key>
			<string>BrandymintTests.octest</string>
			<key>sourceTree</key>
			<string>BUILT_PRODUCTS_DIR</string>
		</dict>
		<key>7C81921016E867A000B71598</key>
		<dict>
			<key>isa</key>
			<string>PBXFileReference</string>
			<key>lastKnownFileType</key>
			<string>wrapper.framework</string>
			<key>name</key>
			<string>SenTestingKit.framework</string>
			<key>path</key>
			<string>Library/Frameworks/SenTestingKit.framework</string>
			<key>sourceTree</key>
			<string>DEVELOPER_DIR</string>
		</dict>
		<key>7C81921116E867A000B71598</key>
		<dict>
			<key>fileRef</key>
			<string>7C81921016E867A000B71598</string>
			<key>isa</key>
			<string>PBXBuildFile</string>
		</dict>
		<key>7C81921216E867A000B71598</key>
		<dict>
			<key>fileRef</key>
			<string>7C8191ED16E867A000B71598</string>
			<key>isa</key>
			<string>PBXBuildFile</string>
		</dict>
		<key>7C81921316E867A000B71598</key>
		<dict>
			<key>fileRef</key>
			<string>7C8191EF16E867A000B71598</string>
			<key>isa</key>
			<string>PBXBuildFile</string>
		</dict>
		<key>7C81921416E867A000B71598</key>
		<dict>
			<key>fileRef</key>
			<string>7C8191F316E867A000B71598</string>
			<key>isa</key>
			<string>PBXBuildFile</string>
		</dict>
		<key>7C81921516E867A000B71598</key>
		<dict>
			<key>containerPortal</key>
			<string>7C8191E016E867A000B71598</string>
			<key>isa</key>
			<string>PBXContainerItemProxy</string>
			<key>proxyType</key>
			<string>1</string>
			<key>remoteGlobalIDString</key>
			<string>7C8191E816E867A000B71598</string>
			<key>remoteInfo</key>
			<string>Brandymint</string>
		</dict>
		<key>7C81921616E867A000B71598</key>
		<dict>
			<key>isa</key>
			<string>PBXTargetDependency</string>
			<key>target</key>
			<string>7C8191E816E867A000B71598</string>
			<key>targetProxy</key>
			<string>7C81921516E867A000B71598</string>
		</dict>
		<key>7C81921716E867A000B71598</key>
		<dict>
			<key>children</key>
			<array>
				<string>7C81921D16E867A000B71598</string>
				<string>7C81921E16E867A000B71598</string>
				<string>7C81921816E867A000B71598</string>
			</array>
			<key>isa</key>
			<string>PBXGroup</string>
			<key>path</key>
			<string>BrandymintTests</string>
			<key>sourceTree</key>
			<string>&lt;group&gt;</string>
		</dict>
		<key>7C81921816E867A000B71598</key>
		<dict>
			<key>children</key>
			<array>
				<string>7C81921916E867A000B71598</string>
				<string>7C81921A16E867A000B71598</string>
			</array>
			<key>isa</key>
			<string>PBXGroup</string>
			<key>name</key>
			<string>Supporting Files</string>
			<key>sourceTree</key>
			<string>&lt;group&gt;</string>
		</dict>
		<key>7C81921916E867A000B71598</key>
		<dict>
			<key>isa</key>
			<string>PBXFileReference</string>
			<key>lastKnownFileType</key>
			<string>text.plist.xml</string>
			<key>path</key>
			<string>BrandymintTests-Info.plist</string>
			<key>sourceTree</key>
			<string>&lt;group&gt;</string>
		</dict>
		<key>7C81921A16E867A000B71598</key>
		<dict>
			<key>children</key>
			<array>
				<string>7C81921B16E867A000B71598</string>
			</array>
			<key>isa</key>
			<string>PBXVariantGroup</string>
			<key>name</key>
			<string>InfoPlist.strings</string>
			<key>sourceTree</key>
			<string>&lt;group&gt;</string>
		</dict>
		<key>7C81921B16E867A000B71598</key>
		<dict>
			<key>isa</key>
			<string>PBXFileReference</string>
			<key>lastKnownFileType</key>
			<string>text.plist.strings</string>
			<key>name</key>
			<string>en</string>
			<key>path</key>
			<string>en.lproj/InfoPlist.strings</string>
			<key>sourceTree</key>
			<string>&lt;group&gt;</string>
		</dict>
		<key>7C81921C16E867A000B71598</key>
		<dict>
			<key>fileRef</key>
			<string>7C81921A16E867A000B71598</string>
			<key>isa</key>
			<string>PBXBuildFile</string>
		</dict>
		<key>7C81921D16E867A000B71598</key>
		<dict>
			<key>isa</key>
			<string>PBXFileReference</string>
			<key>lastKnownFileType</key>
			<string>sourcecode.c.h</string>
			<key>path</key>
			<string>BrandymintTests.h</string>
			<key>sourceTree</key>
			<string>&lt;group&gt;</string>
		</dict>
		<key>7C81921E16E867A000B71598</key>
		<dict>
			<key>isa</key>
			<string>PBXFileReference</string>
			<key>lastKnownFileType</key>
			<string>sourcecode.c.objc</string>
			<key>path</key>
			<string>BrandymintTests.m</string>
			<key>sourceTree</key>
			<string>&lt;group&gt;</string>
		</dict>
		<key>7C81921F16E867A000B71598</key>
		<dict>
			<key>fileRef</key>
			<string>7C81921E16E867A000B71598</string>
			<key>isa</key>
			<string>PBXBuildFile</string>
		</dict>
		<key>7C81922016E867A000B71598</key>
		<dict>
			<key>buildSettings</key>
			<dict>
				<key>ALWAYS_SEARCH_USER_PATHS</key>
				<string>NO</string>
				<key>CLANG_CXX_LANGUAGE_STANDARD</key>
				<string>gnu++0x</string>
				<key>CLANG_CXX_LIBRARY</key>
				<string>libc++</string>
				<key>CLANG_ENABLE_OBJC_ARC</key>
				<string>YES</string>
				<key>CLANG_WARN_EMPTY_BODY</key>
				<string>YES</string>
				<key>CLANG_WARN__DUPLICATE_METHOD_MATCH</key>
				<string>YES</string>
				<key>CODE_SIGN_IDENTITY[sdk=iphoneos*]</key>
				<string>iPhone Developer</string>
				<key>COPY_PHASE_STRIP</key>
				<string>NO</string>
				<key>GCC_C_LANGUAGE_STANDARD</key>
				<string>gnu99</string>
				<key>GCC_DYNAMIC_NO_PIC</key>
				<string>NO</string>
				<key>GCC_OPTIMIZATION_LEVEL</key>
				<string>0</string>
				<key>GCC_PREPROCESSOR_DEFINITIONS</key>
				<array>
					<string>DEBUG=1</string>
					<string>$(inherited)</string>
				</array>
				<key>GCC_SYMBOLS_PRIVATE_EXTERN</key>
				<string>NO</string>
				<key>GCC_WARN_ABOUT_RETURN_TYPE</key>
				<string>YES</string>
				<key>GCC_WARN_UNINITIALIZED_AUTOS</key>
				<string>YES</string>
				<key>GCC_WARN_UNUSED_VARIABLE</key>
				<string>YES</string>
				<key>IPHONEOS_DEPLOYMENT_TARGET</key>
				<string>6.0</string>
				<key>ONLY_ACTIVE_ARCH</key>
				<string>YES</string>
				<key>SDKROOT</key>
				<string>iphoneos</string>
				<key>TARGETED_DEVICE_FAMILY</key>
				<string>2</string>
			</dict>
			<key>isa</key>
			<string>XCBuildConfiguration</string>
			<key>name</key>
			<string>Debug</string>
		</dict>
		<key>7C81922116E867A000B71598</key>
		<dict>
			<key>buildSettings</key>
			<dict>
				<key>ALWAYS_SEARCH_USER_PATHS</key>
				<string>NO</string>
				<key>CLANG_CXX_LANGUAGE_STANDARD</key>
				<string>gnu++0x</string>
				<key>CLANG_CXX_LIBRARY</key>
				<string>libc++</string>
				<key>CLANG_ENABLE_OBJC_ARC</key>
				<string>YES</string>
				<key>CLANG_WARN_EMPTY_BODY</key>
				<string>YES</string>
				<key>CLANG_WARN__DUPLICATE_METHOD_MATCH</key>
				<string>YES</string>
				<key>CODE_SIGN_IDENTITY[sdk=iphoneos*]</key>
				<string>iPhone Developer</string>
				<key>COPY_PHASE_STRIP</key>
				<string>YES</string>
				<key>GCC_C_LANGUAGE_STANDARD</key>
				<string>gnu99</string>
				<key>GCC_WARN_ABOUT_RETURN_TYPE</key>
				<string>YES</string>
				<key>GCC_WARN_UNINITIALIZED_AUTOS</key>
				<string>YES</string>
				<key>GCC_WARN_UNUSED_VARIABLE</key>
				<string>YES</string>
				<key>IPHONEOS_DEPLOYMENT_TARGET</key>
				<string>6.0</string>
				<key>OTHER_CFLAGS</key>
				<string>-DNS_BLOCK_ASSERTIONS=1</string>
				<key>SDKROOT</key>
				<string>iphoneos</string>
				<key>TARGETED_DEVICE_FAMILY</key>
				<string>2</string>
				<key>VALIDATE_PRODUCT</key>
				<string>YES</string>
			</dict>
			<key>isa</key>
			<string>XCBuildConfiguration</string>
			<key>name</key>
			<string>Release</string>
		</dict>
		<key>7C81922216E867A000B71598</key>
		<dict>
			<key>buildConfigurations</key>
			<array>
				<string>7C81922316E867A000B71598</string>
				<string>7C81922416E867A000B71598</string>
			</array>
			<key>defaultConfigurationIsVisible</key>
			<string>0</string>
			<key>defaultConfigurationName</key>
			<string>Release</string>
			<key>isa</key>
			<string>XCConfigurationList</string>
		</dict>
		<key>7C81922316E867A000B71598</key>
		<dict>
			<key>baseConfigurationReference</key>
			<string>EE832F4F9DB24A7F935CD76D</string>
			<key>buildSettings</key>
			<dict>
				<key>CODE_SIGN_IDENTITY</key>
				<string>iPhone Distribution: Brandy Mint LLC</string>
				<key>GCC_PRECOMPILE_PREFIX_HEADER</key>
				<string>YES</string>
				<key>GCC_PREFIX_HEADER</key>
				<string>Brandymint/Brandymint-Prefix.pch</string>
				<key>INFOPLIST_FILE</key>
				<string>Brandymint/Brandymint-Info.plist</string>
				<key>IPHONEOS_DEPLOYMENT_TARGET</key>
				<string>5.0</string>
				<key>PRODUCT_NAME</key>
				<string>$(TARGET_NAME)</string>
				<key>PROVISIONING_PROFILE</key>
				<string>C92684D1-5DDC-4AF7-ACFF-FE822905D4D0</string>
				<key>WRAPPER_EXTENSION</key>
				<string>app</string>
			</dict>
			<key>isa</key>
			<string>XCBuildConfiguration</string>
			<key>name</key>
			<string>Debug</string>
		</dict>
		<key>7C81922416E867A000B71598</key>
		<dict>
			<key>baseConfigurationReference</key>
			<string>EE832F4F9DB24A7F935CD76D</string>
			<key>buildSettings</key>
			<dict>
				<key>CODE_SIGN_IDENTITY</key>
				<string>iPhone Distribution: Brandy Mint LLC</string>
				<key>GCC_PRECOMPILE_PREFIX_HEADER</key>
				<string>YES</string>
				<key>GCC_PREFIX_HEADER</key>
				<string>Brandymint/Brandymint-Prefix.pch</string>
				<key>INFOPLIST_FILE</key>
				<string>Brandymint/Brandymint-Info.plist</string>
				<key>IPHONEOS_DEPLOYMENT_TARGET</key>
				<string>5.0</string>
				<key>PRODUCT_NAME</key>
				<string>$(TARGET_NAME)</string>
				<key>PROVISIONING_PROFILE</key>
				<string>C92684D1-5DDC-4AF7-ACFF-FE822905D4D0</string>
				<key>WRAPPER_EXTENSION</key>
				<string>app</string>
			</dict>
			<key>isa</key>
			<string>XCBuildConfiguration</string>
			<key>name</key>
			<string>Release</string>
		</dict>
		<key>7C81922516E867A000B71598</key>
		<dict>
			<key>buildConfigurations</key>
			<array>
				<string>7C81922616E867A000B71598</string>
				<string>7C81922716E867A000B71598</string>
			</array>
			<key>defaultConfigurationIsVisible</key>
			<string>0</string>
			<key>defaultConfigurationName</key>
			<string>Release</string>
			<key>isa</key>
			<string>XCConfigurationList</string>
		</dict>
		<key>7C81922616E867A000B71598</key>
		<dict>
			<key>buildSettings</key>
			<dict>
				<key>BUNDLE_LOADER</key>
				<string>$(BUILT_PRODUCTS_DIR)/Brandymint.app/Brandymint</string>
				<key>FRAMEWORK_SEARCH_PATHS</key>
				<array>
					<string>"$(SDKROOT)/Developer/Library/Frameworks"</string>
					<string>"$(DEVELOPER_LIBRARY_DIR)/Frameworks"</string>
				</array>
				<key>GCC_PRECOMPILE_PREFIX_HEADER</key>
				<string>YES</string>
				<key>GCC_PREFIX_HEADER</key>
				<string>Brandymint/Brandymint-Prefix.pch</string>
				<key>INFOPLIST_FILE</key>
				<string>BrandymintTests/BrandymintTests-Info.plist</string>
				<key>PRODUCT_NAME</key>
				<string>$(TARGET_NAME)</string>
				<key>TEST_HOST</key>
				<string>$(BUNDLE_LOADER)</string>
				<key>WRAPPER_EXTENSION</key>
				<string>octest</string>
			</dict>
			<key>isa</key>
			<string>XCBuildConfiguration</string>
			<key>name</key>
			<string>Debug</string>
		</dict>
		<key>7C81922716E867A000B71598</key>
		<dict>
			<key>buildSettings</key>
			<dict>
				<key>BUNDLE_LOADER</key>
				<string>$(BUILT_PRODUCTS_DIR)/Brandymint.app/Brandymint</string>
				<key>FRAMEWORK_SEARCH_PATHS</key>
				<array>
					<string>"$(SDKROOT)/Developer/Library/Frameworks"</string>
					<string>"$(DEVELOPER_LIBRARY_DIR)/Frameworks"</string>
				</array>
				<key>GCC_PRECOMPILE_PREFIX_HEADER</key>
				<string>YES</string>
				<key>GCC_PREFIX_HEADER</key>
				<string>Brandymint/Brandymint-Prefix.pch</string>
				<key>INFOPLIST_FILE</key>
				<string>BrandymintTests/BrandymintTests-Info.plist</string>
				<key>PRODUCT_NAME</key>
				<string>$(TARGET_NAME)</string>
				<key>TEST_HOST</key>
				<string>$(BUNDLE_LOADER)</string>
				<key>WRAPPER_EXTENSION</key>
				<string>octest</string>
			</dict>
			<key>isa</key>
			<string>XCBuildConfiguration</string>
			<key>name</key>
			<string>Release</string>
		</dict>
		<key>7C81922816E867FE00B71598</key>
		<dict>
			<key>children</key>
			<array>
				<string>7C81922A16E8684100B71598</string>
				<string>7C81924016E86CF600B71598</string>
			</array>
			<key>isa</key>
			<string>PBXGroup</string>
			<key>path</key>
			<string>Controllers</string>
			<key>sourceTree</key>
			<string>&lt;group&gt;</string>
		</dict>
		<key>7C81922916E867FE00B71598</key>
		<dict>
			<key>children</key>
			<array>
				<string>7C01D4EF16EE0B70004216EC</string>
				<string>7C01D4F016EE0B70004216EC</string>
				<string>7C01D4F116EE0B70004216EC</string>
				<string>7C01D4F216EE0B70004216EC</string>
				<string>7C01D4F316EE0B70004216EC</string>
				<string>7C01D4F416EE0B70004216EC</string>
				<string>7C01D4F516EE0B70004216EC</string>
				<string>7C01D4F616EE0B70004216EC</string>
				<string>7C01D4F716EE0B70004216EC</string>
				<string>7C01D4F816EE0B70004216EC</string>
				<string>7C01D4F916EE0B70004216EC</string>
				<string>7C01D4FA16EE0B70004216EC</string>
				<string>7C01D4FB16EE0B70004216EC</string>
				<string>7C01D4FC16EE0B70004216EC</string>
				<string>7C01D4FD16EE0B70004216EC</string>
				<string>7C01D4FE16EE0B70004216EC</string>
				<string>7C01D4FF16EE0B70004216EC</string>
				<string>7C01D50016EE0B70004216EC</string>
				<string>7C01D50116EE0B70004216EC</string>
				<string>7C01D50216EE0B70004216EC</string>
				<string>7C01D50316EE0B70004216EC</string>
				<string>7C01D50416EE0B70004216EC</string>
				<string>7C81923A16E86B1400B71598</string>
				<string>7C81923B16E86B1400B71598</string>
				<string>7C81923C16E86B1400B71598</string>
			</array>
			<key>isa</key>
			<string>PBXGroup</string>
			<key>path</key>
			<string>Resources</string>
			<key>sourceTree</key>
			<string>&lt;group&gt;</string>
		</dict>
		<key>7C81922A16E8684100B71598</key>
		<dict>
			<key>children</key>
			<array>
				<string>7C81922B16E8685A00B71598</string>
				<string>7C81922C16E8685A00B71598</string>
				<string>7C81922D16E8685A00B71598</string>
			</array>
			<key>isa</key>
			<string>PBXGroup</string>
			<key>path</key>
			<string>OwnViewController</string>
			<key>sourceTree</key>
			<string>&lt;group&gt;</string>
		</dict>
		<key>7C81922B16E8685A00B71598</key>
		<dict>
			<key>fileEncoding</key>
			<string>4</string>
			<key>isa</key>
			<string>PBXFileReference</string>
			<key>lastKnownFileType</key>
			<string>sourcecode.c.h</string>
			<key>path</key>
			<string>OwnViewController.h</string>
			<key>sourceTree</key>
			<string>&lt;group&gt;</string>
		</dict>
		<key>7C81922C16E8685A00B71598</key>
		<dict>
			<key>fileEncoding</key>
			<string>4</string>
			<key>isa</key>
			<string>PBXFileReference</string>
			<key>lastKnownFileType</key>
			<string>sourcecode.c.objc</string>
			<key>path</key>
			<string>OwnViewController.m</string>
			<key>sourceTree</key>
			<string>&lt;group&gt;</string>
		</dict>
		<key>7C81922D16E8685A00B71598</key>
		<dict>
			<key>fileEncoding</key>
			<string>4</string>
			<key>isa</key>
			<string>PBXFileReference</string>
			<key>lastKnownFileType</key>
			<string>file.xib</string>
			<key>path</key>
			<string>OwnViewController.xib</string>
			<key>sourceTree</key>
			<string>&lt;group&gt;</string>
		</dict>
		<key>7C81922E16E8685A00B71598</key>
		<dict>
			<key>fileRef</key>
			<string>7C81922C16E8685A00B71598</string>
			<key>isa</key>
			<string>PBXBuildFile</string>
		</dict>
		<key>7C81922F16E8685A00B71598</key>
		<dict>
			<key>fileRef</key>
			<string>7C81922D16E8685A00B71598</string>
			<key>isa</key>
			<string>PBXBuildFile</string>
		</dict>
		<key>7C81923A16E86B1400B71598</key>
		<dict>
			<key>isa</key>
			<string>PBXFileReference</string>
			<key>lastKnownFileType</key>
			<string>image.jpeg</string>
			<key>path</key>
			<string>brandymint_2013_redesign_fnl.jpg</string>
			<key>sourceTree</key>
			<string>&lt;group&gt;</string>
		</dict>
		<key>7C81923B16E86B1400B71598</key>
		<dict>
			<key>isa</key>
			<string>PBXFileReference</string>
			<key>lastKnownFileType</key>
			<string>image.jpeg</string>
			<key>path</key>
			<string>brandymint_2013_redesign_fnl2.jpg</string>
			<key>sourceTree</key>
			<string>&lt;group&gt;</string>
		</dict>
		<key>7C81923C16E86B1400B71598</key>
		<dict>
			<key>isa</key>
			<string>PBXFileReference</string>
			<key>lastKnownFileType</key>
			<string>image.jpeg</string>
			<key>path</key>
			<string>brandymint_2013_redesign_fnl3.jpg</string>
			<key>sourceTree</key>
			<string>&lt;group&gt;</string>
		</dict>
		<key>7C81923D16E86B1400B71598</key>
		<dict>
			<key>fileRef</key>
			<string>7C81923A16E86B1400B71598</string>
			<key>isa</key>
			<string>PBXBuildFile</string>
		</dict>
		<key>7C81923E16E86B1400B71598</key>
		<dict>
			<key>fileRef</key>
			<string>7C81923B16E86B1400B71598</string>
			<key>isa</key>
			<string>PBXBuildFile</string>
		</dict>
		<key>7C81923F16E86B1400B71598</key>
		<dict>
			<key>fileRef</key>
			<string>7C81923C16E86B1400B71598</string>
			<key>isa</key>
			<string>PBXBuildFile</string>
		</dict>
		<key>7C81924016E86CF600B71598</key>
		<dict>
			<key>children</key>
			<array>
				<string>7C81924116E86D0B00B71598</string>
				<string>7C81924216E86D0B00B71598</string>
				<string>7C81924316E86D0B00B71598</string>
			</array>
			<key>isa</key>
			<string>PBXGroup</string>
			<key>path</key>
			<string>CardViewController</string>
			<key>sourceTree</key>
			<string>&lt;group&gt;</string>
		</dict>
		<key>7C81924116E86D0B00B71598</key>
		<dict>
			<key>fileEncoding</key>
			<string>4</string>
			<key>isa</key>
			<string>PBXFileReference</string>
			<key>lastKnownFileType</key>
			<string>sourcecode.c.h</string>
			<key>path</key>
			<string>CardViewController.h</string>
			<key>sourceTree</key>
			<string>&lt;group&gt;</string>
		</dict>
		<key>7C81924216E86D0B00B71598</key>
		<dict>
			<key>fileEncoding</key>
			<string>4</string>
			<key>isa</key>
			<string>PBXFileReference</string>
			<key>lastKnownFileType</key>
			<string>sourcecode.c.objc</string>
			<key>path</key>
			<string>CardViewController.m</string>
			<key>sourceTree</key>
			<string>&lt;group&gt;</string>
		</dict>
		<key>7C81924316E86D0B00B71598</key>
		<dict>
			<key>fileEncoding</key>
			<string>4</string>
			<key>isa</key>
			<string>PBXFileReference</string>
			<key>lastKnownFileType</key>
			<string>file.xib</string>
			<key>path</key>
			<string>CardViewController.xib</string>
			<key>sourceTree</key>
			<string>&lt;group&gt;</string>
		</dict>
		<key>7C81924416E86D0B00B71598</key>
		<dict>
			<key>fileRef</key>
			<string>7C81924216E86D0B00B71598</string>
			<key>isa</key>
			<string>PBXBuildFile</string>
		</dict>
		<key>7C81924516E86D0B00B71598</key>
		<dict>
			<key>fileRef</key>
			<string>7C81924316E86D0B00B71598</string>
			<key>isa</key>
			<string>PBXBuildFile</string>
		</dict>
		<key>7C81924616E898FA00B71598</key>
		<dict>
			<key>buildActionMask</key>
			<string>2147483647</string>
			<key>files</key>
			<array/>
			<key>inputPaths</key>
			<array/>
			<key>isa</key>
			<string>PBXShellScriptBuildPhase</string>
			<key>outputPaths</key>
			<array/>
			<key>runOnlyForDeploymentPostprocessing</key>
			<string>0</string>
			<key>shellPath</key>
			<string>/bin/sh</string>
			<key>shellScript</key>
			<string># touch -cm ${SRCROOT}/OWNTEST
#cp ${SRCROOT}/../TEST/1.jpg ${SRCROOT}/OWNTEST/1.jpg
#cp ${SRCROOT}/../TEST/2.jpg ${SRCROOT}/OWNTEST/2.jpg</string>
		</dict>
		<key>7C81926716E8B4C500B71598</key>
		<dict>
			<key>isa</key>
			<string>PBXFileReference</string>
			<key>lastKnownFileType</key>
			<string>folder</string>
			<key>path</key>
			<string>OWNTEST</string>
			<key>sourceTree</key>
			<string>SOURCE_ROOT</string>
		</dict>
		<key>7C81926816E8B4C500B71598</key>
		<dict>
			<key>fileRef</key>
			<string>7C81926716E8B4C500B71598</string>
			<key>isa</key>
			<string>PBXBuildFile</string>
		</dict>
		<key>8392726916EF9B2900C9D303</key>
		<dict>
			<key>children</key>
			<array>
				<string>7C81920716E867A000B71598</string>
				<string>83B2380916EF92E900AA4E46</string>
				<string>83B2380A16EF92E900AA4E46</string>
				<string>83B2380516EF8A4000AA4E46</string>
				<string>83B2380616EF8A4100AA4E46</string>
			</array>
			<key>isa</key>
			<string>PBXGroup</string>
			<key>name</key>
			<string>Models</string>
			<key>sourceTree</key>
			<string>&lt;group&gt;</string>
		</dict>
		<key>8392726A16EF9B3A00C9D303</key>
		<dict>
			<key>children</key>
			<array>
				<string>7C8191FE16E867A000B71598</string>
				<string>7C8191FF16E867A000B71598</string>
			</array>
			<key>isa</key>
			<string>PBXGroup</string>
			<key>name</key>
			<string>Application</string>
			<key>sourceTree</key>
			<string>&lt;group&gt;</string>
		</dict>
		<key>83B2380516EF8A4000AA4E46</key>
		<dict>
			<key>fileEncoding</key>
			<string>4</string>
			<key>isa</key>
			<string>PBXFileReference</string>
			<key>lastKnownFileType</key>
			<string>sourcecode.c.h</string>
			<key>path</key>
			<string>Card.h</string>
			<key>sourceTree</key>
			<string>&lt;group&gt;</string>
		</dict>
		<key>83B2380616EF8A4100AA4E46</key>
		<dict>
			<key>fileEncoding</key>
			<string>4</string>
			<key>isa</key>
			<string>PBXFileReference</string>
			<key>lastKnownFileType</key>
			<string>sourcecode.c.objc</string>
			<key>path</key>
			<string>Card.m</string>
			<key>sourceTree</key>
			<string>&lt;group&gt;</string>
		</dict>
		<key>83B2380716EF8A4200AA4E46</key>
		<dict>
			<key>fileRef</key>
			<string>83B2380616EF8A4100AA4E46</string>
			<key>isa</key>
			<string>PBXBuildFile</string>
		</dict>
		<key>83B2380816EF8A4200AA4E46</key>
		<dict>
			<key>fileRef</key>
			<string>83B2380616EF8A4100AA4E46</string>
			<key>isa</key>
			<string>PBXBuildFile</string>
		</dict>
		<key>83B2380916EF92E900AA4E46</key>
		<dict>
			<key>fileEncoding</key>
			<string>4</string>
			<key>isa</key>
			<string>PBXFileReference</string>
			<key>lastKnownFileType</key>
			<string>sourcecode.c.h</string>
			<key>path</key>
			<string>ImageToDataTransformer.h</string>
			<key>sourceTree</key>
			<string>&lt;group&gt;</string>
		</dict>
		<key>83B2380A16EF92E900AA4E46</key>
		<dict>
			<key>fileEncoding</key>
			<string>4</string>
			<key>isa</key>
			<string>PBXFileReference</string>
			<key>lastKnownFileType</key>
			<string>sourcecode.c.objc</string>
			<key>path</key>
			<string>ImageToDataTransformer.m</string>
			<key>sourceTree</key>
			<string>&lt;group&gt;</string>
		</dict>
		<key>83B2380B16EF92E900AA4E46</key>
		<dict>
			<key>fileRef</key>
			<string>83B2380A16EF92E900AA4E46</string>
			<key>isa</key>
			<string>PBXBuildFile</string>
		</dict>
		<key>83B2380C16EF92E900AA4E46</key>
		<dict>
			<key>fileRef</key>
			<string>83B2380A16EF92E900AA4E46</string>
			<key>isa</key>
			<string>PBXBuildFile</string>
		</dict>
		<key>BA7DC43C4C2E4809B6772A37</key>
		<dict>
			<key>buildActionMask</key>
			<string>2147483647</string>
			<key>files</key>
			<array/>
			<key>inputPaths</key>
			<array/>
			<key>isa</key>
			<string>PBXShellScriptBuildPhase</string>
			<key>name</key>
			<string>Copy Pods Resources</string>
			<key>outputPaths</key>
			<array/>
			<key>runOnlyForDeploymentPostprocessing</key>
			<string>0</string>
			<key>shellPath</key>
			<string>/bin/sh</string>
			<key>shellScript</key>
			<string>"${SRCROOT}/Pods/Pods-resources.sh"
</string>
			<key>showEnvVarsInLog</key>
			<string>1</string>
		</dict>
		<key>EE832F4F9DB24A7F935CD76D</key>
		<dict>
			<key>includeInIndex</key>
			<string>1</string>
			<key>isa</key>
			<string>PBXFileReference</string>
			<key>lastKnownFileType</key>
			<string>text.xcconfig</string>
			<key>name</key>
			<string>Pods.xcconfig</string>
			<key>path</key>
			<string>Pods/Pods.xcconfig</string>
			<key>sourceTree</key>
			<string>SOURCE_ROOT</string>
		</dict>
	</dict>
	<key>rootObject</key>
	<string>7C8191E016E867A000B71598</string>
</dict>
</plist>
