<?xml version="1.0" encoding="UTF-8"?>
<!DOCTYPE plist PUBLIC "-//Apple//DTD PLIST 1.0//EN" "http://www.apple.com/DTDs/PropertyList-1.0.dtd">
<plist version="1.0">
<dict>
	<key>archiveVersion</key>
	<string>1</string>
	<key>classes</key>
	<dict/>
	<key>objectVersion</key>
	<string>46</string>
	<key>objects</key>
	<dict>
		<key>0FE38750861049C6ACA269DD</key>
		<dict>
			<key>explicitFileType</key>
			<string>archive.ar</string>
			<key>includeInIndex</key>
			<string>0</string>
			<key>isa</key>
			<string>PBXFileReference</string>
			<key>path</key>
			<string>libPods-UnitTests.a</string>
			<key>sourceTree</key>
			<string>BUILT_PRODUCTS_DIR</string>
		</dict>
		<key>18CE3B5716F885D500B5FF97</key>
		<dict>
			<key>children</key>
			<array>
				<string>18CE3B5816F885D500B5FF97</string>
				<string>18CE3B5916F885D500B5FF97</string>
				<string>18CE3B5A16F885D500B5FF97</string>
			</array>
			<key>isa</key>
			<string>PBXGroup</string>
			<key>path</key>
			<string>AboutViewController</string>
			<key>sourceTree</key>
			<string>&lt;group&gt;</string>
		</dict>
		<key>18CE3B5816F885D500B5FF97</key>
		<dict>
			<key>fileEncoding</key>
			<string>4</string>
			<key>isa</key>
			<string>PBXFileReference</string>
			<key>lastKnownFileType</key>
			<string>sourcecode.c.h</string>
			<key>path</key>
			<string>AboutViewController.h</string>
			<key>sourceTree</key>
			<string>&lt;group&gt;</string>
		</dict>
		<key>18CE3B5916F885D500B5FF97</key>
		<dict>
			<key>fileEncoding</key>
			<string>4</string>
			<key>isa</key>
			<string>PBXFileReference</string>
			<key>lastKnownFileType</key>
			<string>sourcecode.c.objc</string>
			<key>path</key>
			<string>AboutViewController.m</string>
			<key>sourceTree</key>
			<string>&lt;group&gt;</string>
		</dict>
		<key>18CE3B5A16F885D500B5FF97</key>
		<dict>
			<key>fileEncoding</key>
			<string>4</string>
			<key>isa</key>
			<string>PBXFileReference</string>
			<key>lastKnownFileType</key>
			<string>file.xib</string>
			<key>path</key>
			<string>AboutViewController.xib</string>
			<key>sourceTree</key>
			<string>&lt;group&gt;</string>
		</dict>
		<key>18CE3B5B16F885D500B5FF97</key>
		<dict>
			<key>children</key>
			<array>
				<string>18CE3B5C16F885D500B5FF97</string>
				<string>18CE3B5D16F885D500B5FF97</string>
			</array>
			<key>isa</key>
			<string>PBXGroup</string>
			<key>path</key>
			<string>BlockView</string>
			<key>sourceTree</key>
			<string>&lt;group&gt;</string>
		</dict>
		<key>18CE3B5C16F885D500B5FF97</key>
		<dict>
			<key>fileEncoding</key>
			<string>4</string>
			<key>isa</key>
			<string>PBXFileReference</string>
			<key>lastKnownFileType</key>
			<string>sourcecode.c.h</string>
			<key>path</key>
			<string>BlockView.h</string>
			<key>sourceTree</key>
			<string>&lt;group&gt;</string>
		</dict>
		<key>18CE3B5D16F885D500B5FF97</key>
		<dict>
			<key>fileEncoding</key>
			<string>4</string>
			<key>isa</key>
			<string>PBXFileReference</string>
			<key>lastKnownFileType</key>
			<string>sourcecode.c.objc</string>
			<key>path</key>
			<string>BlockView.m</string>
			<key>sourceTree</key>
			<string>&lt;group&gt;</string>
		</dict>
		<key>18CE3B5E16F885D500B5FF97</key>
		<dict>
			<key>children</key>
			<array>
				<string>18CE3B5F16F885D500B5FF97</string>
				<string>18CE3B6016F885D500B5FF97</string>
			</array>
			<key>isa</key>
			<string>PBXGroup</string>
			<key>path</key>
			<string>LinksView</string>
			<key>sourceTree</key>
			<string>&lt;group&gt;</string>
		</dict>
		<key>18CE3B5F16F885D500B5FF97</key>
		<dict>
			<key>fileEncoding</key>
			<string>4</string>
			<key>isa</key>
			<string>PBXFileReference</string>
			<key>lastKnownFileType</key>
			<string>sourcecode.c.h</string>
			<key>path</key>
			<string>LinksView.h</string>
			<key>sourceTree</key>
			<string>&lt;group&gt;</string>
		</dict>
		<key>18CE3B6016F885D500B5FF97</key>
		<dict>
			<key>fileEncoding</key>
			<string>4</string>
			<key>isa</key>
			<string>PBXFileReference</string>
			<key>lastKnownFileType</key>
			<string>sourcecode.c.objc</string>
			<key>path</key>
			<string>LinksView.m</string>
			<key>sourceTree</key>
			<string>&lt;group&gt;</string>
		</dict>
		<key>18CE3B6116F885D500B5FF97</key>
		<dict>
			<key>fileRef</key>
			<string>18CE3B5916F885D500B5FF97</string>
			<key>isa</key>
			<string>PBXBuildFile</string>
		</dict>
		<key>18CE3B6216F885D500B5FF97</key>
		<dict>
			<key>fileRef</key>
			<string>18CE3B5A16F885D500B5FF97</string>
			<key>isa</key>
			<string>PBXBuildFile</string>
		</dict>
		<key>18CE3B6316F885D500B5FF97</key>
		<dict>
			<key>fileRef</key>
			<string>18CE3B5D16F885D500B5FF97</string>
			<key>isa</key>
			<string>PBXBuildFile</string>
		</dict>
		<key>18CE3B6416F885D500B5FF97</key>
		<dict>
			<key>fileRef</key>
			<string>18CE3B6016F885D500B5FF97</string>
			<key>isa</key>
			<string>PBXBuildFile</string>
		</dict>
		<key>1B7E7B0A12FB44ADA56C1FDF</key>
		<dict>
			<key>includeInIndex</key>
			<string>1</string>
			<key>isa</key>
			<string>PBXFileReference</string>
			<key>lastKnownFileType</key>
			<string>text.xcconfig</string>
			<key>name</key>
			<string>Pods-UnitTests.xcconfig</string>
			<key>path</key>
			<string>Pods/Pods-UnitTests.xcconfig</string>
			<key>sourceTree</key>
			<string>SOURCE_ROOT</string>
		</dict>
		<key>1F5BD4575BA24838BE5792C8</key>
		<dict>
			<key>buildActionMask</key>
			<string>2147483647</string>
			<key>files</key>
			<array/>
			<key>inputPaths</key>
			<array/>
			<key>isa</key>
			<string>PBXShellScriptBuildPhase</string>
			<key>name</key>
			<string>Copy Pods Resources</string>
			<key>outputPaths</key>
			<array/>
			<key>runOnlyForDeploymentPostprocessing</key>
			<string>0</string>
			<key>shellPath</key>
			<string>/bin/sh</string>
			<key>shellScript</key>
			<string>"${SRCROOT}/Pods/Pods-UnitTests-resources.sh"
</string>
		</dict>
		<key>280B74B97FC14661AC884576</key>
		<dict>
			<key>buildActionMask</key>
			<string>2147483647</string>
			<key>files</key>
			<array/>
			<key>inputPaths</key>
			<array/>
			<key>isa</key>
			<string>PBXShellScriptBuildPhase</string>
			<key>name</key>
			<string>Warn for TODO and FIXME comments</string>
			<key>outputPaths</key>
			<array/>
			<key>runOnlyForDeploymentPostprocessing</key>
			<string>0</string>
			<key>shellPath</key>
			<string>/bin/sh</string>
			<key>shellScript</key>
			<string>KEYWORDS="TODO:|FIXME:|\?\?\?:|\!\!\!:"
FILE_EXTENSIONS="h|m|mm|c|cpp"
find -E "${SRCROOT}" -ipath "${SRCROOT}/pods" -prune -o \( -regex ".*\.($FILE_EXTENSIONS)$" \) -print0 | xargs -0 egrep --with-filename --line-number --only-matching "($KEYWORDS).*\$" | perl -p -e "s/($KEYWORDS)/ warning: \$1/"
</string>
		</dict>
		<key>3FDD8401E13B4A509E9DBC6C</key>
		<dict>
			<key>explicitFileType</key>
			<string>archive.ar</string>
			<key>includeInIndex</key>
			<string>0</string>
			<key>isa</key>
			<string>PBXFileReference</string>
			<key>path</key>
			<string>libPods.a</string>
			<key>sourceTree</key>
			<string>BUILT_PRODUCTS_DIR</string>
		</dict>
		<key>78EEBB50A0E24943907FA1B0</key>
		<dict>
			<key>explicitFileType</key>
			<string>archive.ar</string>
			<key>includeInIndex</key>
			<string>0</string>
			<key>isa</key>
			<string>PBXFileReference</string>
			<key>name</key>
			<string>libPods-LogicTests.a</string>
			<key>path</key>
			<string>libPods-LogicTests.a</string>
			<key>sourceTree</key>
			<string>BUILT_PRODUCTS_DIR</string>
		</dict>
		<key>7B0DBF926A2F48D9BC6513C1</key>
		<dict>
			<key>fileRef</key>
			<string>3FDD8401E13B4A509E9DBC6C</string>
			<key>isa</key>
			<string>PBXBuildFile</string>
		</dict>
		<key>7C01D4EF16EE0B70004216EC</key>
		<dict>
			<key>isa</key>
			<string>PBXFileReference</string>
			<key>lastKnownFileType</key>
			<string>image.jpeg</string>
			<key>path</key>
			<string>background.jpg</string>
			<key>sourceTree</key>
			<string>&lt;group&gt;</string>
		</dict>
		<key>7C01D4F016EE0B70004216EC</key>
		<dict>
			<key>isa</key>
			<string>PBXFileReference</string>
			<key>lastKnownFileType</key>
			<string>image.jpeg</string>
			<key>path</key>
			<string>background@2x.jpg</string>
			<key>sourceTree</key>
			<string>&lt;group&gt;</string>
		</dict>
		<key>7C01D4F116EE0B70004216EC</key>
		<dict>
			<key>isa</key>
			<string>PBXFileReference</string>
			<key>lastKnownFileType</key>
			<string>image.png</string>
			<key>path</key>
			<string>brandymint_logo_white.png</string>
			<key>sourceTree</key>
			<string>&lt;group&gt;</string>
		</dict>
		<key>7C01D4F216EE0B70004216EC</key>
		<dict>
			<key>isa</key>
			<string>PBXFileReference</string>
			<key>lastKnownFileType</key>
			<string>image.png</string>
			<key>path</key>
			<string>brandymint_logo_white@2x.png</string>
			<key>sourceTree</key>
			<string>&lt;group&gt;</string>
		</dict>
		<key>7C01D4F316EE0B70004216EC</key>
		<dict>
			<key>isa</key>
			<string>PBXFileReference</string>
			<key>lastKnownFileType</key>
			<string>image.png</string>
			<key>path</key>
			<string>icon-agile.png</string>
			<key>sourceTree</key>
			<string>&lt;group&gt;</string>
		</dict>
		<key>7C01D4F416EE0B70004216EC</key>
		<dict>
			<key>isa</key>
			<string>PBXFileReference</string>
			<key>lastKnownFileType</key>
			<string>image.png</string>
			<key>path</key>
			<string>icon-agile@2x.png</string>
			<key>sourceTree</key>
			<string>&lt;group&gt;</string>
		</dict>
		<key>7C01D4F516EE0B70004216EC</key>
		<dict>
			<key>isa</key>
			<string>PBXFileReference</string>
			<key>lastKnownFileType</key>
			<string>image.png</string>
			<key>path</key>
			<string>icon-cloud-tap.png</string>
			<key>sourceTree</key>
			<string>&lt;group&gt;</string>
		</dict>
		<key>7C01D4F616EE0B70004216EC</key>
		<dict>
			<key>isa</key>
			<string>PBXFileReference</string>
			<key>lastKnownFileType</key>
			<string>image.png</string>
			<key>path</key>
			<string>icon-cloud-tap@2x.png</string>
			<key>sourceTree</key>
			<string>&lt;group&gt;</string>
		</dict>
		<key>7C01D4F716EE0B70004216EC</key>
		<dict>
			<key>isa</key>
			<string>PBXFileReference</string>
			<key>lastKnownFileType</key>
			<string>image.png</string>
			<key>path</key>
			<string>icon-cloud.png</string>
			<key>sourceTree</key>
			<string>&lt;group&gt;</string>
		</dict>
		<key>7C01D4F816EE0B70004216EC</key>
		<dict>
			<key>isa</key>
			<string>PBXFileReference</string>
			<key>lastKnownFileType</key>
			<string>image.png</string>
			<key>path</key>
			<string>icon-cloud@2x.png</string>
			<key>sourceTree</key>
			<string>&lt;group&gt;</string>
		</dict>
		<key>7C01D4F916EE0B70004216EC</key>
		<dict>
			<key>isa</key>
			<string>PBXFileReference</string>
			<key>lastKnownFileType</key>
			<string>image.png</string>
			<key>path</key>
			<string>icon-location.png</string>
			<key>sourceTree</key>
			<string>&lt;group&gt;</string>
		</dict>
		<key>7C01D4FA16EE0B70004216EC</key>
		<dict>
			<key>isa</key>
			<string>PBXFileReference</string>
			<key>lastKnownFileType</key>
			<string>image.png</string>
			<key>path</key>
			<string>icon-location@2x.png</string>
			<key>sourceTree</key>
			<string>&lt;group&gt;</string>
		</dict>
		<key>7C01D4FB16EE0B70004216EC</key>
		<dict>
			<key>isa</key>
			<string>PBXFileReference</string>
			<key>lastKnownFileType</key>
			<string>image.png</string>
			<key>path</key>
			<string>icon-projects.png</string>
			<key>sourceTree</key>
			<string>&lt;group&gt;</string>
		</dict>
		<key>7C01D4FC16EE0B70004216EC</key>
		<dict>
			<key>isa</key>
			<string>PBXFileReference</string>
			<key>lastKnownFileType</key>
			<string>image.png</string>
			<key>path</key>
			<string>icon-projects@2x.png</string>
			<key>sourceTree</key>
			<string>&lt;group&gt;</string>
		</dict>
		<key>7C01D4FD16EE0B70004216EC</key>
		<dict>
			<key>isa</key>
			<string>PBXFileReference</string>
			<key>lastKnownFileType</key>
			<string>image.png</string>
			<key>path</key>
			<string>icon-right.png</string>
			<key>sourceTree</key>
			<string>&lt;group&gt;</string>
		</dict>
		<key>7C01D4FE16EE0B70004216EC</key>
		<dict>
			<key>isa</key>
			<string>PBXFileReference</string>
			<key>lastKnownFileType</key>
			<string>image.png</string>
			<key>path</key>
			<string>icon-right@2x.png</string>
			<key>sourceTree</key>
			<string>&lt;group&gt;</string>
		</dict>
		<key>7C01D4FF16EE0B70004216EC</key>
		<dict>
			<key>isa</key>
			<string>PBXFileReference</string>
			<key>lastKnownFileType</key>
			<string>image.png</string>
			<key>path</key>
			<string>icon-rocket.png</string>
			<key>sourceTree</key>
			<string>&lt;group&gt;</string>
		</dict>
		<key>7C01D50016EE0B70004216EC</key>
		<dict>
			<key>isa</key>
			<string>PBXFileReference</string>
			<key>lastKnownFileType</key>
			<string>image.png</string>
			<key>path</key>
			<string>icon-rocket@2x.png</string>
			<key>sourceTree</key>
			<string>&lt;group&gt;</string>
		</dict>
		<key>7C01D50116EE0B70004216EC</key>
		<dict>
			<key>isa</key>
			<string>PBXFileReference</string>
			<key>lastKnownFileType</key>
			<string>image.png</string>
			<key>path</key>
			<string>icon-share.png</string>
			<key>sourceTree</key>
			<string>&lt;group&gt;</string>
		</dict>
		<key>7C01D50216EE0B70004216EC</key>
		<dict>
			<key>isa</key>
			<string>PBXFileReference</string>
			<key>lastKnownFileType</key>
			<string>image.png</string>
			<key>path</key>
			<string>icon-share@2x.png</string>
			<key>sourceTree</key>
			<string>&lt;group&gt;</string>
		</dict>
		<key>7C01D50316EE0B70004216EC</key>
		<dict>
			<key>isa</key>
			<string>PBXFileReference</string>
			<key>lastKnownFileType</key>
			<string>image.jpeg</string>
			<key>path</key>
			<string>potee_screenshot.jpg</string>
			<key>sourceTree</key>
			<string>&lt;group&gt;</string>
		</dict>
		<key>7C01D50416EE0B70004216EC</key>
		<dict>
			<key>isa</key>
			<string>PBXFileReference</string>
			<key>lastKnownFileType</key>
			<string>image.jpeg</string>
			<key>path</key>
			<string>potee_screenshot@2x.jpg</string>
			<key>sourceTree</key>
			<string>&lt;group&gt;</string>
		</dict>
		<key>7C01D50516EE0B70004216EC</key>
		<dict>
			<key>fileRef</key>
			<string>7C01D4EF16EE0B70004216EC</string>
			<key>isa</key>
			<string>PBXBuildFile</string>
		</dict>
		<key>7C01D50616EE0B70004216EC</key>
		<dict>
			<key>fileRef</key>
			<string>7C01D4F016EE0B70004216EC</string>
			<key>isa</key>
			<string>PBXBuildFile</string>
		</dict>
		<key>7C01D50716EE0B70004216EC</key>
		<dict>
			<key>fileRef</key>
			<string>7C01D4F116EE0B70004216EC</string>
			<key>isa</key>
			<string>PBXBuildFile</string>
		</dict>
		<key>7C01D50816EE0B70004216EC</key>
		<dict>
			<key>fileRef</key>
			<string>7C01D4F216EE0B70004216EC</string>
			<key>isa</key>
			<string>PBXBuildFile</string>
		</dict>
		<key>7C01D50916EE0B70004216EC</key>
		<dict>
			<key>fileRef</key>
			<string>7C01D4F316EE0B70004216EC</string>
			<key>isa</key>
			<string>PBXBuildFile</string>
		</dict>
		<key>7C01D50A16EE0B70004216EC</key>
		<dict>
			<key>fileRef</key>
			<string>7C01D4F416EE0B70004216EC</string>
			<key>isa</key>
			<string>PBXBuildFile</string>
		</dict>
		<key>7C01D50B16EE0B70004216EC</key>
		<dict>
			<key>fileRef</key>
			<string>7C01D4F516EE0B70004216EC</string>
			<key>isa</key>
			<string>PBXBuildFile</string>
		</dict>
		<key>7C01D50C16EE0B70004216EC</key>
		<dict>
			<key>fileRef</key>
			<string>7C01D4F616EE0B70004216EC</string>
			<key>isa</key>
			<string>PBXBuildFile</string>
		</dict>
		<key>7C01D50D16EE0B70004216EC</key>
		<dict>
			<key>fileRef</key>
			<string>7C01D4F716EE0B70004216EC</string>
			<key>isa</key>
			<string>PBXBuildFile</string>
		</dict>
		<key>7C01D50E16EE0B70004216EC</key>
		<dict>
			<key>fileRef</key>
			<string>7C01D4F816EE0B70004216EC</string>
			<key>isa</key>
			<string>PBXBuildFile</string>
		</dict>
		<key>7C01D50F16EE0B70004216EC</key>
		<dict>
			<key>fileRef</key>
			<string>7C01D4F916EE0B70004216EC</string>
			<key>isa</key>
			<string>PBXBuildFile</string>
		</dict>
		<key>7C01D51016EE0B70004216EC</key>
		<dict>
			<key>fileRef</key>
			<string>7C01D4FA16EE0B70004216EC</string>
			<key>isa</key>
			<string>PBXBuildFile</string>
		</dict>
		<key>7C01D51116EE0B70004216EC</key>
		<dict>
			<key>fileRef</key>
			<string>7C01D4FB16EE0B70004216EC</string>
			<key>isa</key>
			<string>PBXBuildFile</string>
		</dict>
		<key>7C01D51216EE0B70004216EC</key>
		<dict>
			<key>fileRef</key>
			<string>7C01D4FC16EE0B70004216EC</string>
			<key>isa</key>
			<string>PBXBuildFile</string>
		</dict>
		<key>7C01D51316EE0B70004216EC</key>
		<dict>
			<key>fileRef</key>
			<string>7C01D4FD16EE0B70004216EC</string>
			<key>isa</key>
			<string>PBXBuildFile</string>
		</dict>
		<key>7C01D51416EE0B70004216EC</key>
		<dict>
			<key>fileRef</key>
			<string>7C01D4FE16EE0B70004216EC</string>
			<key>isa</key>
			<string>PBXBuildFile</string>
		</dict>
		<key>7C01D51516EE0B70004216EC</key>
		<dict>
			<key>fileRef</key>
			<string>7C01D4FF16EE0B70004216EC</string>
			<key>isa</key>
			<string>PBXBuildFile</string>
		</dict>
		<key>7C01D51616EE0B70004216EC</key>
		<dict>
			<key>fileRef</key>
			<string>7C01D50016EE0B70004216EC</string>
			<key>isa</key>
			<string>PBXBuildFile</string>
		</dict>
		<key>7C01D51716EE0B70004216EC</key>
		<dict>
			<key>fileRef</key>
			<string>7C01D50116EE0B70004216EC</string>
			<key>isa</key>
			<string>PBXBuildFile</string>
		</dict>
		<key>7C01D51816EE0B70004216EC</key>
		<dict>
			<key>fileRef</key>
			<string>7C01D50216EE0B70004216EC</string>
			<key>isa</key>
			<string>PBXBuildFile</string>
		</dict>
		<key>7C01D51916EE0B70004216EC</key>
		<dict>
			<key>fileRef</key>
			<string>7C01D50316EE0B70004216EC</string>
			<key>isa</key>
			<string>PBXBuildFile</string>
		</dict>
		<key>7C01D51A16EE0B70004216EC</key>
		<dict>
			<key>fileRef</key>
			<string>7C01D50416EE0B70004216EC</string>
			<key>isa</key>
			<string>PBXBuildFile</string>
		</dict>
		<key>7C19C04716F09364003D6CDE</key>
		<dict>
			<key>fileEncoding</key>
			<string>4</string>
			<key>isa</key>
			<string>PBXFileReference</string>
			<key>lastKnownFileType</key>
			<string>sourcecode.c.h</string>
			<key>name</key>
			<string>UpdateManager.h</string>
			<key>path</key>
			<string>Model/UpdateManager.h</string>
			<key>sourceTree</key>
			<string>&lt;group&gt;</string>
		</dict>
		<key>7C19C04816F09364003D6CDE</key>
		<dict>
			<key>fileEncoding</key>
			<string>4</string>
			<key>isa</key>
			<string>PBXFileReference</string>
			<key>lastKnownFileType</key>
			<string>sourcecode.c.objc</string>
			<key>name</key>
			<string>UpdateManager.m</string>
			<key>path</key>
			<string>Model/UpdateManager.m</string>
			<key>sourceTree</key>
			<string>&lt;group&gt;</string>
		</dict>
		<key>7C19C04916F09364003D6CDE</key>
		<dict>
			<key>fileRef</key>
			<string>7C19C04816F09364003D6CDE</string>
			<key>isa</key>
			<string>PBXBuildFile</string>
		</dict>
		<key>7C19C04A16F09393003D6CDE</key>
		<dict>
			<key>fileEncoding</key>
			<string>4</string>
			<key>isa</key>
			<string>PBXFileReference</string>
			<key>lastKnownFileType</key>
			<string>sourcecode.c.h</string>
			<key>name</key>
			<string>CardsRepository.h</string>
			<key>path</key>
			<string>Model/CardsRepository.h</string>
			<key>sourceTree</key>
			<string>&lt;group&gt;</string>
		</dict>
		<key>7C19C04B16F09393003D6CDE</key>
		<dict>
			<key>fileEncoding</key>
			<string>4</string>
			<key>isa</key>
			<string>PBXFileReference</string>
			<key>lastKnownFileType</key>
			<string>sourcecode.c.objc</string>
			<key>name</key>
			<string>CardsRepository.m</string>
			<key>path</key>
			<string>Model/CardsRepository.m</string>
			<key>sourceTree</key>
			<string>&lt;group&gt;</string>
		</dict>
		<key>7C19C04C16F09393003D6CDE</key>
		<dict>
			<key>fileRef</key>
			<string>7C19C04B16F09393003D6CDE</string>
			<key>isa</key>
			<string>PBXBuildFile</string>
		</dict>
		<key>7C19C04E16F0966D003D6CDE</key>
		<dict>
			<key>fileEncoding</key>
			<string>4</string>
			<key>isa</key>
			<string>PBXFileReference</string>
			<key>lastKnownFileType</key>
			<string>text.json</string>
			<key>path</key>
			<string>DataManifest.json</string>
			<key>sourceTree</key>
			<string>&lt;group&gt;</string>
		</dict>
		<key>7C19C04F16F0966D003D6CDE</key>
		<dict>
			<key>fileRef</key>
			<string>7C19C04E16F0966D003D6CDE</string>
			<key>isa</key>
			<string>PBXBuildFile</string>
		</dict>
		<key>7C19C05616F0AC6B003D6CDE</key>
		<dict>
			<key>children</key>
			<array>
				<string>83D5A76D16F38FE5007D85AC</string>
				<string>83D5A76E16F38FE5007D85AC</string>
				<string>8366B4D216F3513E00FE1490</string>
				<string>8366B4D316F3513E00FE1490</string>
				<string>83D5A76B16F38F53007D85AC</string>
				<string>83D5A76A16F38F53007D85AC</string>
				<string>83C5E33616F3037C00700A8C</string>
				<string>83C5E33716F3037C00700A8C</string>
				<string>83C5E33316F3035300700A8C</string>
				<string>83C5E33416F3035300700A8C</string>
			</array>
			<key>isa</key>
			<string>PBXGroup</string>
			<key>name</key>
			<string>Entities</string>
			<key>sourceTree</key>
			<string>&lt;group&gt;</string>
		</dict>
		<key>7C3DC5A816EF453B00C00066</key>
		<dict>
			<key>children</key>
			<array>
				<string>7C3DC5A916EF45D900C00066</string>
				<string>7C3DC5AA16EF45D900C00066</string>
			</array>
			<key>isa</key>
			<string>PBXGroup</string>
			<key>path</key>
			<string>Animations</string>
			<key>sourceTree</key>
			<string>&lt;group&gt;</string>
		</dict>
		<key>7C3DC5A916EF45D900C00066</key>
		<dict>
			<key>fileEncoding</key>
			<string>4</string>
			<key>isa</key>
			<string>PBXFileReference</string>
			<key>lastKnownFileType</key>
			<string>sourcecode.c.h</string>
			<key>path</key>
			<string>OwnSectorsAnim.h</string>
			<key>sourceTree</key>
			<string>&lt;group&gt;</string>
		</dict>
		<key>7C3DC5AA16EF45D900C00066</key>
		<dict>
			<key>fileEncoding</key>
			<string>4</string>
			<key>isa</key>
			<string>PBXFileReference</string>
			<key>lastKnownFileType</key>
			<string>sourcecode.c.objc</string>
			<key>path</key>
			<string>OwnSectorsAnim.m</string>
			<key>sourceTree</key>
			<string>&lt;group&gt;</string>
		</dict>
		<key>7C3DC5AB16EF45D900C00066</key>
		<dict>
			<key>fileRef</key>
			<string>7C3DC5AA16EF45D900C00066</string>
			<key>isa</key>
			<string>PBXBuildFile</string>
		</dict>
		<key>7C61759C16F1B31400D57594</key>
		<dict>
			<key>children</key>
			<array>
				<string>8326873016F73E3B000351BC</string>
				<string>8326873116F73E3B000351BC</string>
				<string>7C61759D16F1B32900D57594</string>
				<string>7C61759E16F1B32900D57594</string>
				<string>7C80D77016F2ECFF007D5E3B</string>
				<string>7C80D77116F2ECFF007D5E3B</string>
			</array>
			<key>isa</key>
			<string>PBXGroup</string>
			<key>path</key>
			<string>Common</string>
			<key>sourceTree</key>
			<string>&lt;group&gt;</string>
		</dict>
		<key>7C61759D16F1B32900D57594</key>
		<dict>
			<key>fileEncoding</key>
			<string>4</string>
			<key>isa</key>
			<string>PBXFileReference</string>
			<key>lastKnownFileType</key>
			<string>sourcecode.c.h</string>
			<key>path</key>
			<string>NSDate+external.h</string>
			<key>sourceTree</key>
			<string>&lt;group&gt;</string>
		</dict>
		<key>7C61759E16F1B32900D57594</key>
		<dict>
			<key>fileEncoding</key>
			<string>4</string>
			<key>isa</key>
			<string>PBXFileReference</string>
			<key>lastKnownFileType</key>
			<string>sourcecode.c.objc</string>
			<key>path</key>
			<string>NSDate+external.m</string>
			<key>sourceTree</key>
			<string>&lt;group&gt;</string>
		</dict>
		<key>7C61759F16F1B32900D57594</key>
		<dict>
			<key>fileRef</key>
			<string>7C61759E16F1B32900D57594</string>
			<key>isa</key>
			<string>PBXBuildFile</string>
		</dict>
		<key>7C80D77016F2ECFF007D5E3B</key>
		<dict>
			<key>fileEncoding</key>
			<string>4</string>
			<key>isa</key>
			<string>PBXFileReference</string>
			<key>lastKnownFileType</key>
			<string>sourcecode.c.h</string>
			<key>path</key>
			<string>UIImage+external.h</string>
			<key>sourceTree</key>
			<string>&lt;group&gt;</string>
		</dict>
		<key>7C80D77116F2ECFF007D5E3B</key>
		<dict>
			<key>fileEncoding</key>
			<string>4</string>
			<key>isa</key>
			<string>PBXFileReference</string>
			<key>lastKnownFileType</key>
			<string>sourcecode.c.objc</string>
			<key>path</key>
			<string>UIImage+external.m</string>
			<key>sourceTree</key>
			<string>&lt;group&gt;</string>
		</dict>
		<key>7C80D77216F2ECFF007D5E3B</key>
		<dict>
			<key>fileRef</key>
			<string>7C80D77116F2ECFF007D5E3B</string>
			<key>isa</key>
			<string>PBXBuildFile</string>
		</dict>
		<key>7C80D77316F2FBB9007D5E3B</key>
		<dict>
			<key>children</key>
			<array>
				<string>7C80D77416F2FBD1007D5E3B</string>
				<string>7C80D77516F2FBD1007D5E3B</string>
				<string>7C80D77616F2FBD1007D5E3B</string>
				<string>7C80D77716F2FBD1007D5E3B</string>
				<string>7C80D77816F2FBD1007D5E3B</string>
				<string>7C80D77916F2FBD1007D5E3B</string>
				<string>7C80D77A16F2FBD1007D5E3B</string>
				<string>7C80D77B16F2FBD1007D5E3B</string>
				<string>7C80D77C16F2FBD1007D5E3B</string>
				<string>7C80D77D16F2FBD1007D5E3B</string>
				<string>7C80D77E16F2FBD1007D5E3B</string>
				<string>7C80D77F16F2FBD1007D5E3B</string>
				<string>7C80D78016F2FBD1007D5E3B</string>
			</array>
			<key>isa</key>
			<string>PBXGroup</string>
			<key>name</key>
			<string>Fonts</string>
			<key>path</key>
			<string>Brandymint/Fonts</string>
			<key>sourceTree</key>
			<string>SOURCE_ROOT</string>
		</dict>
		<key>7C80D77416F2FBD1007D5E3B</key>
		<dict>
			<key>isa</key>
			<string>PBXFileReference</string>
			<key>lastKnownFileType</key>
			<string>file</string>
			<key>path</key>
			<string>Ubuntu-B.ttf</string>
			<key>sourceTree</key>
			<string>&lt;group&gt;</string>
		</dict>
		<key>7C80D77516F2FBD1007D5E3B</key>
		<dict>
			<key>isa</key>
			<string>PBXFileReference</string>
			<key>lastKnownFileType</key>
			<string>file</string>
			<key>path</key>
			<string>Ubuntu-BI.ttf</string>
			<key>sourceTree</key>
			<string>&lt;group&gt;</string>
		</dict>
		<key>7C80D77616F2FBD1007D5E3B</key>
		<dict>
			<key>isa</key>
			<string>PBXFileReference</string>
			<key>lastKnownFileType</key>
			<string>file</string>
			<key>path</key>
			<string>Ubuntu-C.ttf</string>
			<key>sourceTree</key>
			<string>&lt;group&gt;</string>
		</dict>
		<key>7C80D77716F2FBD1007D5E3B</key>
		<dict>
			<key>isa</key>
			<string>PBXFileReference</string>
			<key>lastKnownFileType</key>
			<string>file</string>
			<key>path</key>
			<string>Ubuntu-L.ttf</string>
			<key>sourceTree</key>
			<string>&lt;group&gt;</string>
		</dict>
		<key>7C80D77816F2FBD1007D5E3B</key>
		<dict>
			<key>isa</key>
			<string>PBXFileReference</string>
			<key>lastKnownFileType</key>
			<string>file</string>
			<key>path</key>
			<string>Ubuntu-LI.ttf</string>
			<key>sourceTree</key>
			<string>&lt;group&gt;</string>
		</dict>
		<key>7C80D77916F2FBD1007D5E3B</key>
		<dict>
			<key>isa</key>
			<string>PBXFileReference</string>
			<key>lastKnownFileType</key>
			<string>file</string>
			<key>path</key>
			<string>Ubuntu-M.ttf</string>
			<key>sourceTree</key>
			<string>&lt;group&gt;</string>
		</dict>
		<key>7C80D77A16F2FBD1007D5E3B</key>
		<dict>
			<key>isa</key>
			<string>PBXFileReference</string>
			<key>lastKnownFileType</key>
			<string>file</string>
			<key>path</key>
			<string>Ubuntu-MI.ttf</string>
			<key>sourceTree</key>
			<string>&lt;group&gt;</string>
		</dict>
		<key>7C80D77B16F2FBD1007D5E3B</key>
		<dict>
			<key>isa</key>
			<string>PBXFileReference</string>
			<key>lastKnownFileType</key>
			<string>file</string>
			<key>path</key>
			<string>Ubuntu-R.ttf</string>
			<key>sourceTree</key>
			<string>&lt;group&gt;</string>
		</dict>
		<key>7C80D77C16F2FBD1007D5E3B</key>
		<dict>
			<key>isa</key>
			<string>PBXFileReference</string>
			<key>lastKnownFileType</key>
			<string>file</string>
			<key>path</key>
			<string>Ubuntu-RI.ttf</string>
			<key>sourceTree</key>
			<string>&lt;group&gt;</string>
		</dict>
		<key>7C80D77D16F2FBD1007D5E3B</key>
		<dict>
			<key>isa</key>
			<string>PBXFileReference</string>
			<key>lastKnownFileType</key>
			<string>file</string>
			<key>path</key>
			<string>UbuntuMono-B.ttf</string>
			<key>sourceTree</key>
			<string>&lt;group&gt;</string>
		</dict>
		<key>7C80D77E16F2FBD1007D5E3B</key>
		<dict>
			<key>isa</key>
			<string>PBXFileReference</string>
			<key>lastKnownFileType</key>
			<string>file</string>
			<key>path</key>
			<string>UbuntuMono-BI.ttf</string>
			<key>sourceTree</key>
			<string>&lt;group&gt;</string>
		</dict>
		<key>7C80D77F16F2FBD1007D5E3B</key>
		<dict>
			<key>isa</key>
			<string>PBXFileReference</string>
			<key>lastKnownFileType</key>
			<string>file</string>
			<key>path</key>
			<string>UbuntuMono-R.ttf</string>
			<key>sourceTree</key>
			<string>&lt;group&gt;</string>
		</dict>
		<key>7C80D78016F2FBD1007D5E3B</key>
		<dict>
			<key>isa</key>
			<string>PBXFileReference</string>
			<key>lastKnownFileType</key>
			<string>file</string>
			<key>path</key>
			<string>UbuntuMono-RI.ttf</string>
			<key>sourceTree</key>
			<string>&lt;group&gt;</string>
		</dict>
		<key>7C80D78116F2FBD1007D5E3B</key>
		<dict>
			<key>fileRef</key>
			<string>7C80D77416F2FBD1007D5E3B</string>
			<key>isa</key>
			<string>PBXBuildFile</string>
		</dict>
		<key>7C80D78216F2FBD1007D5E3B</key>
		<dict>
			<key>fileRef</key>
			<string>7C80D77516F2FBD1007D5E3B</string>
			<key>isa</key>
			<string>PBXBuildFile</string>
		</dict>
		<key>7C80D78316F2FBD1007D5E3B</key>
		<dict>
			<key>fileRef</key>
			<string>7C80D77616F2FBD1007D5E3B</string>
			<key>isa</key>
			<string>PBXBuildFile</string>
		</dict>
		<key>7C80D78416F2FBD1007D5E3B</key>
		<dict>
			<key>fileRef</key>
			<string>7C80D77716F2FBD1007D5E3B</string>
			<key>isa</key>
			<string>PBXBuildFile</string>
		</dict>
		<key>7C80D78516F2FBD1007D5E3B</key>
		<dict>
			<key>fileRef</key>
			<string>7C80D77816F2FBD1007D5E3B</string>
			<key>isa</key>
			<string>PBXBuildFile</string>
		</dict>
		<key>7C80D78616F2FBD1007D5E3B</key>
		<dict>
			<key>fileRef</key>
			<string>7C80D77916F2FBD1007D5E3B</string>
			<key>isa</key>
			<string>PBXBuildFile</string>
		</dict>
		<key>7C80D78716F2FBD1007D5E3B</key>
		<dict>
			<key>fileRef</key>
			<string>7C80D77A16F2FBD1007D5E3B</string>
			<key>isa</key>
			<string>PBXBuildFile</string>
		</dict>
		<key>7C80D78816F2FBD1007D5E3B</key>
		<dict>
			<key>fileRef</key>
			<string>7C80D77B16F2FBD1007D5E3B</string>
			<key>isa</key>
			<string>PBXBuildFile</string>
		</dict>
		<key>7C80D78916F2FBD1007D5E3B</key>
		<dict>
			<key>fileRef</key>
			<string>7C80D77C16F2FBD1007D5E3B</string>
			<key>isa</key>
			<string>PBXBuildFile</string>
		</dict>
		<key>7C80D78A16F2FBD1007D5E3B</key>
		<dict>
			<key>fileRef</key>
			<string>7C80D77D16F2FBD1007D5E3B</string>
			<key>isa</key>
			<string>PBXBuildFile</string>
		</dict>
		<key>7C80D78B16F2FBD1007D5E3B</key>
		<dict>
			<key>fileRef</key>
			<string>7C80D77E16F2FBD1007D5E3B</string>
			<key>isa</key>
			<string>PBXBuildFile</string>
		</dict>
		<key>7C80D78C16F2FBD1007D5E3B</key>
		<dict>
			<key>fileRef</key>
			<string>7C80D77F16F2FBD1007D5E3B</string>
			<key>isa</key>
			<string>PBXBuildFile</string>
		</dict>
		<key>7C80D78D16F2FBD1007D5E3B</key>
		<dict>
			<key>fileRef</key>
			<string>7C80D78016F2FBD1007D5E3B</string>
			<key>isa</key>
			<string>PBXBuildFile</string>
		</dict>
		<key>7C8191DE16E867A000B71598</key>
		<dict>
			<key>children</key>
			<array>
				<string>835303EC16F865CE009E3A1A</string>
				<string>7C8191F516E867A000B71598</string>
				<string>7C81921716E867A000B71598</string>
				<string>7C8191EC16E867A000B71598</string>
				<string>7C8191EA16E867A000B71598</string>
				<string>1B7E7B0A12FB44ADA56C1FDF</string>
				<string>EEE17E2FFE554A05A8A56B65</string>
			</array>
			<key>indentWidth</key>
			<string>4</string>
			<key>isa</key>
			<string>PBXGroup</string>
			<key>sourceTree</key>
			<string>&lt;group&gt;</string>
			<key>tabWidth</key>
			<string>4</string>
			<key>usesTabs</key>
			<string>0</string>
		</dict>
		<key>7C8191E016E867A000B71598</key>
		<dict>
			<key>attributes</key>
			<dict>
				<key>LastUpgradeCheck</key>
				<string>0450</string>
				<key>ORGANIZATIONNAME</key>
				<string>denisdbv@gmail.com</string>
			</dict>
			<key>buildConfigurationList</key>
			<string>7C8191E316E867A000B71598</string>
			<key>compatibilityVersion</key>
			<string>Xcode 3.2</string>
			<key>developmentRegion</key>
			<string>English</string>
			<key>hasScannedForEncodings</key>
			<string>0</string>
			<key>isa</key>
			<string>PBXProject</string>
			<key>knownRegions</key>
			<array>
				<string>en</string>
			</array>
			<key>mainGroup</key>
			<string>7C8191DE16E867A000B71598</string>
			<key>productRefGroup</key>
			<string>7C8191EA16E867A000B71598</string>
			<key>projectDirPath</key>
			<string></string>
			<key>projectReferences</key>
			<array/>
			<key>projectRoot</key>
			<string></string>
			<key>targets</key>
			<array>
				<string>7C8191E816E867A000B71598</string>
				<string>7C81920E16E867A000B71598</string>
			</array>
		</dict>
		<key>7C8191E316E867A000B71598</key>
		<dict>
			<key>buildConfigurations</key>
			<array>
				<string>7C81922016E867A000B71598</string>
				<string>7C81922116E867A000B71598</string>
			</array>
			<key>defaultConfigurationIsVisible</key>
			<string>0</string>
			<key>defaultConfigurationName</key>
			<string>Release</string>
			<key>isa</key>
			<string>XCConfigurationList</string>
		</dict>
		<key>7C8191E516E867A000B71598</key>
		<dict>
			<key>buildActionMask</key>
			<string>2147483647</string>
			<key>files</key>
			<array>
				<string>7C8191FC16E867A000B71598</string>
				<string>7C81920016E867A000B71598</string>
				<string>7C81920916E867A000B71598</string>
				<string>7C81922E16E8685A00B71598</string>
				<string>7C81924416E86D0B00B71598</string>
				<string>7C3DC5AB16EF45D900C00066</string>
				<string>83B2380B16EF92E900AA4E46</string>
				<string>7C19C04916F09364003D6CDE</string>
				<string>7C19C04C16F09393003D6CDE</string>
				<string>7C61759F16F1B32900D57594</string>
				<string>7C80D77216F2ECFF007D5E3B</string>
				<string>83C5E33516F3035300700A8C</string>
				<string>83C5E33816F3037C00700A8C</string>
				<string>83C5E33B16F3048800700A8C</string>
				<string>83C5E33E16F304AD00700A8C</string>
				<string>83C5E34216F3067100700A8C</string>
				<string>8366B4D416F3513E00FE1490</string>
				<string>83D5A76C16F38F53007D85AC</string>
				<string>83D5A76F16F38FE5007D85AC</string>
				<string>8326873216F73E3B000351BC</string>
				<string>18CE3B6116F885D500B5FF97</string>
				<string>18CE3B6316F885D500B5FF97</string>
				<string>18CE3B6416F885D500B5FF97</string>
			</array>
			<key>isa</key>
			<string>PBXSourcesBuildPhase</string>
			<key>runOnlyForDeploymentPostprocessing</key>
			<string>0</string>
		</dict>
		<key>7C8191E616E867A000B71598</key>
		<dict>
			<key>buildActionMask</key>
			<string>2147483647</string>
			<key>files</key>
			<array>
				<string>835303F116F8664D009E3A1A</string>
				<string>835303F016F86648009E3A1A</string>
				<string>7C8191EE16E867A000B71598</string>
				<string>7C8191F016E867A000B71598</string>
				<string>7C8191F216E867A000B71598</string>
				<string>7C8191F416E867A000B71598</string>
				<string>7B0DBF926A2F48D9BC6513C1</string>
			</array>
			<key>isa</key>
			<string>PBXFrameworksBuildPhase</string>
			<key>runOnlyForDeploymentPostprocessing</key>
			<string>0</string>
		</dict>
		<key>7C8191E716E867A000B71598</key>
		<dict>
			<key>buildActionMask</key>
			<string>2147483647</string>
			<key>files</key>
			<array>
				<string>7C8191FA16E867A000B71598</string>
				<string>7C81920216E867A000B71598</string>
				<string>7C81920416E867A000B71598</string>
				<string>7C81920616E867A000B71598</string>
				<string>7C81922F16E8685A00B71598</string>
				<string>7C81923D16E86B1400B71598</string>
				<string>7C81923E16E86B1400B71598</string>
				<string>7C81923F16E86B1400B71598</string>
				<string>7C81924516E86D0B00B71598</string>
				<string>7C01D50516EE0B70004216EC</string>
				<string>7C01D50616EE0B70004216EC</string>
				<string>7C01D50716EE0B70004216EC</string>
				<string>7C01D50816EE0B70004216EC</string>
				<string>7C01D50916EE0B70004216EC</string>
				<string>7C01D50A16EE0B70004216EC</string>
				<string>7C01D50B16EE0B70004216EC</string>
				<string>7C01D50C16EE0B70004216EC</string>
				<string>7C01D50D16EE0B70004216EC</string>
				<string>7C01D50E16EE0B70004216EC</string>
				<string>7C01D50F16EE0B70004216EC</string>
				<string>7C01D51016EE0B70004216EC</string>
				<string>7C01D51116EE0B70004216EC</string>
				<string>7C01D51216EE0B70004216EC</string>
				<string>7C01D51316EE0B70004216EC</string>
				<string>7C01D51416EE0B70004216EC</string>
				<string>7C01D51516EE0B70004216EC</string>
				<string>7C01D51616EE0B70004216EC</string>
				<string>7C01D51716EE0B70004216EC</string>
				<string>7C01D51816EE0B70004216EC</string>
				<string>7C01D51916EE0B70004216EC</string>
				<string>7C01D51A16EE0B70004216EC</string>
				<string>7C19C04F16F0966D003D6CDE</string>
				<string>7C80D78116F2FBD1007D5E3B</string>
				<string>7C80D78216F2FBD1007D5E3B</string>
				<string>7C80D78316F2FBD1007D5E3B</string>
				<string>7C80D78416F2FBD1007D5E3B</string>
				<string>7C80D78516F2FBD1007D5E3B</string>
				<string>7C80D78616F2FBD1007D5E3B</string>
				<string>7C80D78716F2FBD1007D5E3B</string>
				<string>7C80D78816F2FBD1007D5E3B</string>
				<string>7C80D78916F2FBD1007D5E3B</string>
				<string>7C80D78A16F2FBD1007D5E3B</string>
				<string>7C80D78B16F2FBD1007D5E3B</string>
				<string>7C80D78C16F2FBD1007D5E3B</string>
				<string>7C80D78D16F2FBD1007D5E3B</string>
				<string>833F447816F5ABC4003D0B5F</string>
				<string>18CE3B6216F885D500B5FF97</string>
			</array>
			<key>isa</key>
			<string>PBXResourcesBuildPhase</string>
			<key>runOnlyForDeploymentPostprocessing</key>
			<string>0</string>
		</dict>
		<key>7C8191E816E867A000B71598</key>
		<dict>
			<key>buildConfigurationList</key>
			<string>7C81922216E867A000B71598</string>
			<key>buildPhases</key>
			<array>
				<string>7C8191E516E867A000B71598</string>
				<string>7C8191E616E867A000B71598</string>
				<string>7C8191E716E867A000B71598</string>
				<string>7C81924616E898FA00B71598</string>
				<string>BA7DC43C4C2E4809B6772A37</string>
				<string>280B74B97FC14661AC884576</string>
			</array>
			<key>buildRules</key>
			<array/>
			<key>dependencies</key>
			<array/>
			<key>isa</key>
			<string>PBXNativeTarget</string>
			<key>name</key>
			<string>Brandymint</string>
			<key>productName</key>
			<string>Brandymint</string>
			<key>productReference</key>
			<string>7C8191E916E867A000B71598</string>
			<key>productType</key>
			<string>com.apple.product-type.application</string>
		</dict>
		<key>7C8191E916E867A000B71598</key>
		<dict>
			<key>explicitFileType</key>
			<string>wrapper.application</string>
			<key>includeInIndex</key>
			<string>0</string>
			<key>isa</key>
			<string>PBXFileReference</string>
			<key>path</key>
			<string>Brandymint.app</string>
			<key>sourceTree</key>
			<string>BUILT_PRODUCTS_DIR</string>
		</dict>
		<key>7C8191EA16E867A000B71598</key>
		<dict>
			<key>children</key>
			<array>
				<string>7C8191E916E867A000B71598</string>
				<string>7C81920F16E867A000B71598</string>
			</array>
			<key>isa</key>
			<string>PBXGroup</string>
			<key>name</key>
			<string>Products</string>
			<key>sourceTree</key>
			<string>&lt;group&gt;</string>
		</dict>
		<key>7C8191EC16E867A000B71598</key>
		<dict>
			<key>children</key>
			<array>
				<string>83D5A77616F3A41F007D85AC</string>
				<string>83D5A77816F3A429007D85AC</string>
				<string>7C8191ED16E867A000B71598</string>
				<string>7C8191EF16E867A000B71598</string>
				<string>7C8191F116E867A000B71598</string>
				<string>7C8191F316E867A000B71598</string>
				<string>7C81921016E867A000B71598</string>
				<string>3FDD8401E13B4A509E9DBC6C</string>
				<string>8362470316F83C44004AAEDD</string>
				<string>EE832F4F9DB24A7F935CD76D</string>
				<string>0FE38750861049C6ACA269DD</string>
				<string>78EEBB50A0E24943907FA1B0</string>
			</array>
			<key>isa</key>
			<string>PBXGroup</string>
			<key>name</key>
			<string>Frameworks</string>
			<key>sourceTree</key>
			<string>&lt;group&gt;</string>
		</dict>
		<key>7C8191ED16E867A000B71598</key>
		<dict>
			<key>isa</key>
			<string>PBXFileReference</string>
			<key>lastKnownFileType</key>
			<string>wrapper.framework</string>
			<key>name</key>
			<string>UIKit.framework</string>
			<key>path</key>
			<string>System/Library/Frameworks/UIKit.framework</string>
			<key>sourceTree</key>
			<string>SDKROOT</string>
		</dict>
		<key>7C8191EE16E867A000B71598</key>
		<dict>
			<key>fileRef</key>
			<string>7C8191ED16E867A000B71598</string>
			<key>isa</key>
			<string>PBXBuildFile</string>
		</dict>
		<key>7C8191EF16E867A000B71598</key>
		<dict>
			<key>isa</key>
			<string>PBXFileReference</string>
			<key>lastKnownFileType</key>
			<string>wrapper.framework</string>
			<key>name</key>
			<string>Foundation.framework</string>
			<key>path</key>
			<string>System/Library/Frameworks/Foundation.framework</string>
			<key>sourceTree</key>
			<string>SDKROOT</string>
		</dict>
		<key>7C8191F016E867A000B71598</key>
		<dict>
			<key>fileRef</key>
			<string>7C8191EF16E867A000B71598</string>
			<key>isa</key>
			<string>PBXBuildFile</string>
		</dict>
		<key>7C8191F116E867A000B71598</key>
		<dict>
			<key>isa</key>
			<string>PBXFileReference</string>
			<key>lastKnownFileType</key>
			<string>wrapper.framework</string>
			<key>name</key>
			<string>CoreGraphics.framework</string>
			<key>path</key>
			<string>System/Library/Frameworks/CoreGraphics.framework</string>
			<key>sourceTree</key>
			<string>SDKROOT</string>
		</dict>
		<key>7C8191F216E867A000B71598</key>
		<dict>
			<key>fileRef</key>
			<string>7C8191F116E867A000B71598</string>
			<key>isa</key>
			<string>PBXBuildFile</string>
		</dict>
		<key>7C8191F316E867A000B71598</key>
		<dict>
			<key>isa</key>
			<string>PBXFileReference</string>
			<key>lastKnownFileType</key>
			<string>wrapper.framework</string>
			<key>name</key>
			<string>CoreData.framework</string>
			<key>path</key>
			<string>System/Library/Frameworks/CoreData.framework</string>
			<key>sourceTree</key>
			<string>SDKROOT</string>
		</dict>
		<key>7C8191F416E867A000B71598</key>
		<dict>
			<key>fileRef</key>
			<string>7C8191F316E867A000B71598</string>
			<key>isa</key>
			<string>PBXBuildFile</string>
		</dict>
		<key>7C8191F516E867A000B71598</key>
		<dict>
			<key>children</key>
			<array>
				<string>7C61759C16F1B31400D57594</string>
				<string>7C3DC5A816EF453B00C00066</string>
				<string>7C81922816E867FE00B71598</string>
				<string>7C81922916E867FE00B71598</string>
				<string>8392726A16EF9B3A00C9D303</string>
				<string>8392726916EF9B2900C9D303</string>
				<string>7C8191F616E867A000B71598</string>
			</array>
			<key>isa</key>
			<string>PBXGroup</string>
			<key>path</key>
			<string>Brandymint</string>
			<key>sourceTree</key>
			<string>&lt;group&gt;</string>
		</dict>
		<key>7C8191F616E867A000B71598</key>
		<dict>
			<key>children</key>
			<array>
				<string>7C8191F716E867A000B71598</string>
				<string>7C8191F816E867A000B71598</string>
				<string>7C8191FB16E867A000B71598</string>
				<string>7C8191FD16E867A000B71598</string>
				<string>7C81920116E867A000B71598</string>
				<string>7C81920316E867A000B71598</string>
				<string>7C81920516E867A000B71598</string>
			</array>
			<key>isa</key>
			<string>PBXGroup</string>
			<key>name</key>
			<string>Supporting Files</string>
			<key>sourceTree</key>
			<string>&lt;group&gt;</string>
		</dict>
		<key>7C8191F716E867A000B71598</key>
		<dict>
			<key>isa</key>
			<string>PBXFileReference</string>
			<key>lastKnownFileType</key>
			<string>text.plist.xml</string>
			<key>path</key>
			<string>Brandymint-Info.plist</string>
			<key>sourceTree</key>
			<string>&lt;group&gt;</string>
		</dict>
		<key>7C8191F816E867A000B71598</key>
		<dict>
			<key>children</key>
			<array>
				<string>7C8191F916E867A000B71598</string>
			</array>
			<key>isa</key>
			<string>PBXVariantGroup</string>
			<key>name</key>
			<string>InfoPlist.strings</string>
			<key>sourceTree</key>
			<string>&lt;group&gt;</string>
		</dict>
		<key>7C8191F916E867A000B71598</key>
		<dict>
			<key>isa</key>
			<string>PBXFileReference</string>
			<key>lastKnownFileType</key>
			<string>text.plist.strings</string>
			<key>name</key>
			<string>en</string>
			<key>path</key>
			<string>en.lproj/InfoPlist.strings</string>
			<key>sourceTree</key>
			<string>&lt;group&gt;</string>
		</dict>
		<key>7C8191FA16E867A000B71598</key>
		<dict>
			<key>fileRef</key>
			<string>7C8191F816E867A000B71598</string>
			<key>isa</key>
			<string>PBXBuildFile</string>
		</dict>
		<key>7C8191FB16E867A000B71598</key>
		<dict>
			<key>isa</key>
			<string>PBXFileReference</string>
			<key>lastKnownFileType</key>
			<string>sourcecode.c.objc</string>
			<key>path</key>
			<string>main.m</string>
			<key>sourceTree</key>
			<string>&lt;group&gt;</string>
		</dict>
		<key>7C8191FC16E867A000B71598</key>
		<dict>
			<key>fileRef</key>
			<string>7C8191FB16E867A000B71598</string>
			<key>isa</key>
			<string>PBXBuildFile</string>
		</dict>
		<key>7C8191FD16E867A000B71598</key>
		<dict>
			<key>isa</key>
			<string>PBXFileReference</string>
			<key>lastKnownFileType</key>
			<string>sourcecode.c.h</string>
			<key>path</key>
			<string>Brandymint-Prefix.pch</string>
			<key>sourceTree</key>
			<string>&lt;group&gt;</string>
		</dict>
		<key>7C8191FE16E867A000B71598</key>
		<dict>
			<key>isa</key>
			<string>PBXFileReference</string>
			<key>lastKnownFileType</key>
			<string>sourcecode.c.h</string>
			<key>path</key>
			<string>AppDelegate.h</string>
			<key>sourceTree</key>
			<string>&lt;group&gt;</string>
		</dict>
		<key>7C8191FF16E867A000B71598</key>
		<dict>
			<key>isa</key>
			<string>PBXFileReference</string>
			<key>lastKnownFileType</key>
			<string>sourcecode.c.objc</string>
			<key>path</key>
			<string>AppDelegate.m</string>
			<key>sourceTree</key>
			<string>&lt;group&gt;</string>
		</dict>
		<key>7C81920016E867A000B71598</key>
		<dict>
			<key>fileRef</key>
			<string>7C8191FF16E867A000B71598</string>
			<key>isa</key>
			<string>PBXBuildFile</string>
		</dict>
		<key>7C81920116E867A000B71598</key>
		<dict>
			<key>isa</key>
			<string>PBXFileReference</string>
			<key>lastKnownFileType</key>
			<string>image.png</string>
			<key>path</key>
			<string>Default.png</string>
			<key>sourceTree</key>
			<string>&lt;group&gt;</string>
		</dict>
		<key>7C81920216E867A000B71598</key>
		<dict>
			<key>fileRef</key>
			<string>7C81920116E867A000B71598</string>
			<key>isa</key>
			<string>PBXBuildFile</string>
		</dict>
		<key>7C81920316E867A000B71598</key>
		<dict>
			<key>isa</key>
			<string>PBXFileReference</string>
			<key>lastKnownFileType</key>
			<string>image.png</string>
			<key>path</key>
			<string>Default@2x.png</string>
			<key>sourceTree</key>
			<string>&lt;group&gt;</string>
		</dict>
		<key>7C81920416E867A000B71598</key>
		<dict>
			<key>fileRef</key>
			<string>7C81920316E867A000B71598</string>
			<key>isa</key>
			<string>PBXBuildFile</string>
		</dict>
		<key>7C81920516E867A000B71598</key>
		<dict>
			<key>isa</key>
			<string>PBXFileReference</string>
			<key>lastKnownFileType</key>
			<string>image.png</string>
			<key>path</key>
			<string>Default-568h@2x.png</string>
			<key>sourceTree</key>
			<string>&lt;group&gt;</string>
		</dict>
		<key>7C81920616E867A000B71598</key>
		<dict>
			<key>fileRef</key>
			<string>7C81920516E867A000B71598</string>
			<key>isa</key>
			<string>PBXBuildFile</string>
		</dict>
		<key>7C81920716E867A000B71598</key>
		<dict>
			<key>children</key>
			<array>
				<string>7C81920816E867A000B71598</string>
			</array>
			<key>currentVersion</key>
			<string>7C81920816E867A000B71598</string>
			<key>isa</key>
			<string>XCVersionGroup</string>
			<key>path</key>
			<string>Brandymint.xcdatamodeld</string>
			<key>sourceTree</key>
			<string>&lt;group&gt;</string>
			<key>versionGroupType</key>
			<string>wrapper.xcdatamodel</string>
		</dict>
		<key>7C81920816E867A000B71598</key>
		<dict>
			<key>isa</key>
			<string>PBXFileReference</string>
			<key>lastKnownFileType</key>
			<string>wrapper.xcdatamodel</string>
			<key>path</key>
			<string>Brandymint.xcdatamodel</string>
			<key>sourceTree</key>
			<string>&lt;group&gt;</string>
		</dict>
		<key>7C81920916E867A000B71598</key>
		<dict>
			<key>fileRef</key>
			<string>7C81920716E867A000B71598</string>
			<key>isa</key>
			<string>PBXBuildFile</string>
		</dict>
		<key>7C81920A16E867A000B71598</key>
		<dict>
			<key>buildActionMask</key>
			<string>2147483647</string>
			<key>files</key>
			<array>
				<string>7C81921F16E867A000B71598</string>
				<string>83B2380C16EF92E900AA4E46</string>
			</array>
			<key>isa</key>
			<string>PBXSourcesBuildPhase</string>
			<key>runOnlyForDeploymentPostprocessing</key>
			<string>0</string>
		</dict>
		<key>7C81920B16E867A000B71598</key>
		<dict>
			<key>buildActionMask</key>
			<string>2147483647</string>
			<key>files</key>
			<array>
				<string>835303EF16F8662F009E3A1A</string>
				<string>835303EE16F865ED009E3A1A</string>
				<string>835303ED16F865CE009E3A1A</string>
				<string>8362470516F83E11004AAEDD</string>
				<string>7C81921116E867A000B71598</string>
				<string>7C81921216E867A000B71598</string>
				<string>7C81921316E867A000B71598</string>
				<string>7C81921416E867A000B71598</string>
				<string>8362470416F83C44004AAEDD</string>
				<string>81269991E3B6413FBFA658D5</string>
				<string>887209B64A384D7AAB3EB873</string>
			</array>
			<key>isa</key>
			<string>PBXFrameworksBuildPhase</string>
			<key>runOnlyForDeploymentPostprocessing</key>
			<string>0</string>
		</dict>
		<key>7C81920C16E867A000B71598</key>
		<dict>
			<key>buildActionMask</key>
			<string>2147483647</string>
			<key>files</key>
			<array>
				<string>7C81921C16E867A000B71598</string>
			</array>
			<key>isa</key>
			<string>PBXResourcesBuildPhase</string>
			<key>runOnlyForDeploymentPostprocessing</key>
			<string>0</string>
		</dict>
		<key>7C81920D16E867A000B71598</key>
		<dict>
			<key>buildActionMask</key>
			<string>2147483647</string>
			<key>files</key>
			<array/>
			<key>inputPaths</key>
			<array/>
			<key>isa</key>
			<string>PBXShellScriptBuildPhase</string>
			<key>outputPaths</key>
			<array/>
			<key>runOnlyForDeploymentPostprocessing</key>
			<string>0</string>
			<key>shellPath</key>
			<string>/bin/sh</string>
			<key>shellScript</key>
			<string># Run the unit tests in this test bundle.
"${SYSTEM_DEVELOPER_DIR}/Tools/RunUnitTests"
</string>
		</dict>
		<key>7C81920E16E867A000B71598</key>
		<dict>
			<key>buildConfigurationList</key>
			<string>7C81922516E867A000B71598</string>
			<key>buildPhases</key>
			<array>
				<string>7C81920A16E867A000B71598</string>
				<string>7C81920B16E867A000B71598</string>
				<string>7C81920C16E867A000B71598</string>
				<string>7C81920D16E867A000B71598</string>
				<string>1F5BD4575BA24838BE5792C8</string>
				<string>E353880DBB7D4D7EB41F93D3</string>
			</array>
			<key>buildRules</key>
			<array/>
			<key>dependencies</key>
			<array>
				<string>7C81921616E867A000B71598</string>
			</array>
			<key>isa</key>
			<string>PBXNativeTarget</string>
			<key>name</key>
			<string>LogicTests</string>
			<key>productName</key>
			<string>BrandymintTests</string>
			<key>productReference</key>
			<string>7C81920F16E867A000B71598</string>
			<key>productType</key>
			<string>com.apple.product-type.bundle</string>
		</dict>
		<key>7C81920F16E867A000B71598</key>
		<dict>
			<key>explicitFileType</key>
			<string>wrapper.cfbundle</string>
			<key>includeInIndex</key>
			<string>0</string>
			<key>isa</key>
			<string>PBXFileReference</string>
			<key>path</key>
			<string>LogicTests.octest</string>
			<key>sourceTree</key>
			<string>BUILT_PRODUCTS_DIR</string>
		</dict>
		<key>7C81921016E867A000B71598</key>
		<dict>
			<key>isa</key>
			<string>PBXFileReference</string>
			<key>lastKnownFileType</key>
			<string>wrapper.framework</string>
			<key>name</key>
			<string>SenTestingKit.framework</string>
			<key>path</key>
			<string>Library/Frameworks/SenTestingKit.framework</string>
			<key>sourceTree</key>
			<string>DEVELOPER_DIR</string>
		</dict>
		<key>7C81921116E867A000B71598</key>
		<dict>
			<key>fileRef</key>
			<string>7C81921016E867A000B71598</string>
			<key>isa</key>
			<string>PBXBuildFile</string>
		</dict>
		<key>7C81921216E867A000B71598</key>
		<dict>
			<key>fileRef</key>
			<string>7C8191ED16E867A000B71598</string>
			<key>isa</key>
			<string>PBXBuildFile</string>
		</dict>
		<key>7C81921316E867A000B71598</key>
		<dict>
			<key>fileRef</key>
			<string>7C8191EF16E867A000B71598</string>
			<key>isa</key>
			<string>PBXBuildFile</string>
		</dict>
		<key>7C81921416E867A000B71598</key>
		<dict>
			<key>fileRef</key>
			<string>7C8191F316E867A000B71598</string>
			<key>isa</key>
			<string>PBXBuildFile</string>
		</dict>
		<key>7C81921516E867A000B71598</key>
		<dict>
			<key>containerPortal</key>
			<string>7C8191E016E867A000B71598</string>
			<key>isa</key>
			<string>PBXContainerItemProxy</string>
			<key>proxyType</key>
			<string>1</string>
			<key>remoteGlobalIDString</key>
			<string>7C8191E816E867A000B71598</string>
			<key>remoteInfo</key>
			<string>Brandymint</string>
		</dict>
		<key>7C81921616E867A000B71598</key>
		<dict>
			<key>isa</key>
			<string>PBXTargetDependency</string>
			<key>target</key>
			<string>7C8191E816E867A000B71598</string>
			<key>targetProxy</key>
			<string>7C81921516E867A000B71598</string>
		</dict>
		<key>7C81921716E867A000B71598</key>
		<dict>
			<key>children</key>
			<array>
				<string>7C81921D16E867A000B71598</string>
				<string>7C81921E16E867A000B71598</string>
				<string>7C81921816E867A000B71598</string>
			</array>
			<key>isa</key>
			<string>PBXGroup</string>
			<key>path</key>
			<string>BrandymintTests</string>
			<key>sourceTree</key>
			<string>&lt;group&gt;</string>
		</dict>
		<key>7C81921816E867A000B71598</key>
		<dict>
			<key>children</key>
			<array>
				<string>7C81921916E867A000B71598</string>
				<string>7C81921A16E867A000B71598</string>
			</array>
			<key>isa</key>
			<string>PBXGroup</string>
			<key>name</key>
			<string>Supporting Files</string>
			<key>sourceTree</key>
			<string>&lt;group&gt;</string>
		</dict>
		<key>7C81921916E867A000B71598</key>
		<dict>
			<key>isa</key>
			<string>PBXFileReference</string>
			<key>lastKnownFileType</key>
			<string>text.plist.xml</string>
			<key>path</key>
			<string>BrandymintTests-Info.plist</string>
			<key>sourceTree</key>
			<string>&lt;group&gt;</string>
		</dict>
		<key>7C81921A16E867A000B71598</key>
		<dict>
			<key>children</key>
			<array>
				<string>7C81921B16E867A000B71598</string>
			</array>
			<key>isa</key>
			<string>PBXVariantGroup</string>
			<key>name</key>
			<string>InfoPlist.strings</string>
			<key>sourceTree</key>
			<string>&lt;group&gt;</string>
		</dict>
		<key>7C81921B16E867A000B71598</key>
		<dict>
			<key>isa</key>
			<string>PBXFileReference</string>
			<key>lastKnownFileType</key>
			<string>text.plist.strings</string>
			<key>name</key>
			<string>en</string>
			<key>path</key>
			<string>en.lproj/InfoPlist.strings</string>
			<key>sourceTree</key>
			<string>&lt;group&gt;</string>
		</dict>
		<key>7C81921C16E867A000B71598</key>
		<dict>
			<key>fileRef</key>
			<string>7C81921A16E867A000B71598</string>
			<key>isa</key>
			<string>PBXBuildFile</string>
		</dict>
		<key>7C81921D16E867A000B71598</key>
		<dict>
			<key>isa</key>
			<string>PBXFileReference</string>
			<key>lastKnownFileType</key>
			<string>sourcecode.c.h</string>
			<key>path</key>
			<string>BrandymintTests.h</string>
			<key>sourceTree</key>
			<string>&lt;group&gt;</string>
		</dict>
		<key>7C81921E16E867A000B71598</key>
		<dict>
			<key>isa</key>
			<string>PBXFileReference</string>
			<key>lastKnownFileType</key>
			<string>sourcecode.c.objc</string>
			<key>path</key>
			<string>BrandymintTests.m</string>
			<key>sourceTree</key>
			<string>&lt;group&gt;</string>
		</dict>
		<key>7C81921F16E867A000B71598</key>
		<dict>
			<key>fileRef</key>
			<string>7C81921E16E867A000B71598</string>
			<key>isa</key>
			<string>PBXBuildFile</string>
		</dict>
		<key>7C81922016E867A000B71598</key>
		<dict>
			<key>buildSettings</key>
			<dict>
				<key>ALWAYS_SEARCH_USER_PATHS</key>
				<string>NO</string>
				<key>CLANG_CXX_LANGUAGE_STANDARD</key>
				<string>gnu++0x</string>
				<key>CLANG_CXX_LIBRARY</key>
				<string>libc++</string>
				<key>CLANG_ENABLE_OBJC_ARC</key>
				<string>YES</string>
				<key>CLANG_WARN_EMPTY_BODY</key>
				<string>YES</string>
				<key>CLANG_WARN__DUPLICATE_METHOD_MATCH</key>
				<string>YES</string>
				<key>CODE_SIGN_IDENTITY[sdk=iphoneos*]</key>
				<string>iPhone Developer</string>
				<key>COPY_PHASE_STRIP</key>
				<string>NO</string>
				<key>GCC_C_LANGUAGE_STANDARD</key>
				<string>gnu99</string>
				<key>GCC_DYNAMIC_NO_PIC</key>
				<string>NO</string>
				<key>GCC_OPTIMIZATION_LEVEL</key>
				<string>0</string>
				<key>GCC_PREPROCESSOR_DEFINITIONS</key>
				<array>
					<string>DEBUG=1</string>
					<string>$(inherited)</string>
				</array>
				<key>GCC_SYMBOLS_PRIVATE_EXTERN</key>
				<string>NO</string>
				<key>GCC_WARN_64_TO_32_BIT_CONVERSION</key>
				<string>YES</string>
				<key>GCC_WARN_ABOUT_MISSING_FIELD_INITIALIZERS</key>
				<string>YES</string>
				<key>GCC_WARN_ABOUT_MISSING_NEWLINE</key>
				<string>YES</string>
				<key>GCC_WARN_ABOUT_RETURN_TYPE</key>
				<string>YES</string>
				<key>GCC_WARN_CHECK_SWITCH_STATEMENTS</key>
				<string>YES</string>
				<key>GCC_WARN_INITIALIZER_NOT_FULLY_BRACKETED</key>
				<string>YES</string>
				<key>GCC_WARN_MISSING_PARENTHESES</key>
				<string>YES</string>
				<key>GCC_WARN_SHADOW</key>
				<string>YES</string>
				<key>GCC_WARN_SIGN_COMPARE</key>
				<string>YES</string>
				<key>GCC_WARN_TYPECHECK_CALLS_TO_PRINTF</key>
				<string>YES</string>
				<key>GCC_WARN_UNDECLARED_SELECTOR</key>
				<string>YES</string>
				<key>GCC_WARN_UNINITIALIZED_AUTOS</key>
				<string>YES</string>
				<key>GCC_WARN_UNUSED_FUNCTION</key>
				<string>YES</string>
				<key>GCC_WARN_UNUSED_LABEL</key>
				<string>YES</string>
				<key>GCC_WARN_UNUSED_VALUE</key>
				<string>YES</string>
				<key>GCC_WARN_UNUSED_VARIABLE</key>
				<string>YES</string>
				<key>IPHONEOS_DEPLOYMENT_TARGET</key>
				<string>5.0</string>
				<key>ONLY_ACTIVE_ARCH</key>
				<string>YES</string>
				<key>RUN_CLANG_STATIC_ANALYZER</key>
				<string>YES</string>
				<key>SDKROOT</key>
				<string>iphoneos</string>
				<key>TARGETED_DEVICE_FAMILY</key>
				<string>2</string>
			</dict>
			<key>isa</key>
			<string>XCBuildConfiguration</string>
			<key>name</key>
			<string>Debug</string>
		</dict>
		<key>7C81922116E867A000B71598</key>
		<dict>
			<key>buildSettings</key>
			<dict>
				<key>ALWAYS_SEARCH_USER_PATHS</key>
				<string>NO</string>
				<key>CLANG_CXX_LANGUAGE_STANDARD</key>
				<string>gnu++0x</string>
				<key>CLANG_CXX_LIBRARY</key>
				<string>libc++</string>
				<key>CLANG_ENABLE_OBJC_ARC</key>
				<string>YES</string>
				<key>CLANG_WARN_EMPTY_BODY</key>
				<string>YES</string>
				<key>CLANG_WARN__DUPLICATE_METHOD_MATCH</key>
				<string>YES</string>
				<key>CODE_SIGN_IDENTITY[sdk=iphoneos*]</key>
				<string>iPhone Developer</string>
				<key>COPY_PHASE_STRIP</key>
				<string>YES</string>
				<key>GCC_C_LANGUAGE_STANDARD</key>
				<string>gnu99</string>
				<key>GCC_WARN_64_TO_32_BIT_CONVERSION</key>
				<string>YES</string>
				<key>GCC_WARN_ABOUT_MISSING_FIELD_INITIALIZERS</key>
				<string>YES</string>
				<key>GCC_WARN_ABOUT_MISSING_NEWLINE</key>
				<string>YES</string>
				<key>GCC_WARN_ABOUT_RETURN_TYPE</key>
				<string>YES</string>
				<key>GCC_WARN_CHECK_SWITCH_STATEMENTS</key>
				<string>YES</string>
				<key>GCC_WARN_INITIALIZER_NOT_FULLY_BRACKETED</key>
				<string>YES</string>
				<key>GCC_WARN_MISSING_PARENTHESES</key>
				<string>YES</string>
				<key>GCC_WARN_SHADOW</key>
				<string>YES</string>
				<key>GCC_WARN_SIGN_COMPARE</key>
				<string>YES</string>
				<key>GCC_WARN_TYPECHECK_CALLS_TO_PRINTF</key>
				<string>YES</string>
				<key>GCC_WARN_UNDECLARED_SELECTOR</key>
				<string>YES</string>
				<key>GCC_WARN_UNINITIALIZED_AUTOS</key>
				<string>YES</string>
				<key>GCC_WARN_UNUSED_FUNCTION</key>
				<string>YES</string>
				<key>GCC_WARN_UNUSED_LABEL</key>
				<string>YES</string>
				<key>GCC_WARN_UNUSED_VALUE</key>
				<string>YES</string>
				<key>GCC_WARN_UNUSED_VARIABLE</key>
				<string>YES</string>
				<key>IPHONEOS_DEPLOYMENT_TARGET</key>
				<string>5.0</string>
				<key>OTHER_CFLAGS</key>
				<string>-DNS_BLOCK_ASSERTIONS=1</string>
				<key>RUN_CLANG_STATIC_ANALYZER</key>
				<string>YES</string>
				<key>SDKROOT</key>
				<string>iphoneos</string>
				<key>TARGETED_DEVICE_FAMILY</key>
				<string>2</string>
				<key>VALIDATE_PRODUCT</key>
				<string>YES</string>
			</dict>
			<key>isa</key>
			<string>XCBuildConfiguration</string>
			<key>name</key>
			<string>Release</string>
		</dict>
		<key>7C81922216E867A000B71598</key>
		<dict>
			<key>buildConfigurations</key>
			<array>
				<string>7C81922316E867A000B71598</string>
				<string>7C81922416E867A000B71598</string>
			</array>
			<key>defaultConfigurationIsVisible</key>
			<string>0</string>
			<key>defaultConfigurationName</key>
			<string>Release</string>
			<key>isa</key>
			<string>XCConfigurationList</string>
		</dict>
		<key>7C81922316E867A000B71598</key>
		<dict>
			<key>baseConfigurationReference</key>
			<string>EE832F4F9DB24A7F935CD76D</string>
			<key>buildSettings</key>
			<dict>
				<key>CLANG_WARN_CONSTANT_CONVERSION</key>
				<string>YES</string>
				<key>CLANG_WARN_ENUM_CONVERSION</key>
				<string>YES</string>
				<key>CLANG_WARN_IMPLICIT_SIGN_CONVERSION</key>
				<string>YES</string>
				<key>CLANG_WARN_INT_CONVERSION</key>
				<string>YES</string>
				<key>CLANG_WARN_OBJC_IMPLICIT_ATOMIC_PROPERTIES</key>
				<string>YES</string>
				<key>CLANG_WARN_OBJC_MISSING_PROPERTY_SYNTHESIS</key>
				<string>YES</string>
				<key>CLANG_WARN_SUSPICIOUS_IMPLICIT_CONVERSION</key>
				<string>YES</string>
				<key>CODE_SIGN_IDENTITY</key>
				<string>iPhone Distribution: Brandy Mint LLC</string>
				<key>GCC_PRECOMPILE_PREFIX_HEADER</key>
				<string>YES</string>
				<key>GCC_PREFIX_HEADER</key>
				<string>Brandymint/Brandymint-Prefix.pch</string>
				<key>GCC_TREAT_IMPLICIT_FUNCTION_DECLARATIONS_AS_ERRORS</key>
				<string>YES</string>
				<key>GCC_WARN_64_TO_32_BIT_CONVERSION</key>
				<string>YES</string>
				<key>GCC_WARN_ABOUT_MISSING_FIELD_INITIALIZERS</key>
				<string>YES</string>
				<key>GCC_WARN_UNDECLARED_SELECTOR</key>
				<string>YES</string>
				<key>INFOPLIST_FILE</key>
				<string>Brandymint/Brandymint-Info.plist</string>
				<key>IPHONEOS_DEPLOYMENT_TARGET</key>
				<string>5.0</string>
				<key>ONLY_ACTIVE_ARCH</key>
				<string>NO</string>
				<key>PRODUCT_NAME</key>
				<string>$(TARGET_NAME)</string>
				<key>PROVISIONING_PROFILE</key>
				<string>C92684D1-5DDC-4AF7-ACFF-FE822905D4D0</string>
				<key>WRAPPER_EXTENSION</key>
				<string>app</string>
			</dict>
			<key>isa</key>
			<string>XCBuildConfiguration</string>
			<key>name</key>
			<string>Debug</string>
		</dict>
		<key>7C81922416E867A000B71598</key>
		<dict>
			<key>baseConfigurationReference</key>
			<string>EE832F4F9DB24A7F935CD76D</string>
			<key>buildSettings</key>
			<dict>
				<key>CLANG_WARN_CONSTANT_CONVERSION</key>
				<string>YES</string>
				<key>CLANG_WARN_ENUM_CONVERSION</key>
				<string>YES</string>
				<key>CLANG_WARN_IMPLICIT_SIGN_CONVERSION</key>
				<string>YES</string>
				<key>CLANG_WARN_INT_CONVERSION</key>
				<string>YES</string>
				<key>CLANG_WARN_OBJC_IMPLICIT_ATOMIC_PROPERTIES</key>
				<string>YES</string>
				<key>CLANG_WARN_OBJC_MISSING_PROPERTY_SYNTHESIS</key>
				<string>YES</string>
				<key>CLANG_WARN_SUSPICIOUS_IMPLICIT_CONVERSION</key>
				<string>YES</string>
				<key>CODE_SIGN_IDENTITY</key>
				<string>iPhone Distribution: Brandy Mint LLC</string>
				<key>GCC_PRECOMPILE_PREFIX_HEADER</key>
				<string>YES</string>
				<key>GCC_PREFIX_HEADER</key>
				<string>Brandymint/Brandymint-Prefix.pch</string>
				<key>GCC_TREAT_IMPLICIT_FUNCTION_DECLARATIONS_AS_ERRORS</key>
				<string>YES</string>
				<key>GCC_TREAT_WARNINGS_AS_ERRORS</key>
				<string>YES</string>
				<key>GCC_WARN_64_TO_32_BIT_CONVERSION</key>
				<string>YES</string>
				<key>GCC_WARN_ABOUT_MISSING_FIELD_INITIALIZERS</key>
				<string>YES</string>
				<key>GCC_WARN_UNDECLARED_SELECTOR</key>
				<string>YES</string>
				<key>INFOPLIST_FILE</key>
				<string>Brandymint/Brandymint-Info.plist</string>
				<key>IPHONEOS_DEPLOYMENT_TARGET</key>
				<string>5.0</string>
				<key>PRODUCT_NAME</key>
				<string>$(TARGET_NAME)</string>
				<key>PROVISIONING_PROFILE</key>
				<string>C92684D1-5DDC-4AF7-ACFF-FE822905D4D0</string>
				<key>WRAPPER_EXTENSION</key>
				<string>app</string>
			</dict>
			<key>isa</key>
			<string>XCBuildConfiguration</string>
			<key>name</key>
			<string>Release</string>
		</dict>
		<key>7C81922516E867A000B71598</key>
		<dict>
			<key>buildConfigurations</key>
			<array>
				<string>7C81922616E867A000B71598</string>
				<string>7C81922716E867A000B71598</string>
			</array>
			<key>defaultConfigurationIsVisible</key>
			<string>0</string>
			<key>defaultConfigurationName</key>
			<string>Release</string>
			<key>isa</key>
			<string>XCConfigurationList</string>
		</dict>
		<key>7C81922616E867A000B71598</key>
		<dict>
			<key>baseConfigurationReference</key>
			<string>EEE17E2FFE554A05A8A56B65</string>
			<key>buildSettings</key>
			<dict>
				<key>BUNDLE_LOADER</key>
				<string>$(BUILT_PRODUCTS_DIR)/Brandymint.app/Brandymint</string>
				<key>FRAMEWORK_SEARCH_PATHS</key>
				<array>
					<string>"$(SDKROOT)/Developer/Library/Frameworks"</string>
					<string>"$(DEVELOPER_LIBRARY_DIR)/Frameworks"</string>
				</array>
				<key>GCC_PRECOMPILE_PREFIX_HEADER</key>
				<string>YES</string>
				<key>GCC_PREFIX_HEADER</key>
				<string>Brandymint/Brandymint-Prefix.pch</string>
				<key>INFOPLIST_FILE</key>
				<string>BrandymintTests/BrandymintTests-Info.plist</string>
				<key>ONLY_ACTIVE_ARCH</key>
				<string>NO</string>
				<key>PRODUCT_NAME</key>
				<string>$(TARGET_NAME)</string>
				<key>TEST_AFTER_BUILD</key>
				<string>YES</string>
				<key>TEST_HOST</key>
				<string>$(BUNDLE_LOADER)</string>
				<key>WRAPPER_EXTENSION</key>
				<string>octest</string>
			</dict>
			<key>isa</key>
			<string>XCBuildConfiguration</string>
			<key>name</key>
			<string>Debug</string>
		</dict>
		<key>7C81922716E867A000B71598</key>
		<dict>
			<key>baseConfigurationReference</key>
			<string>EEE17E2FFE554A05A8A56B65</string>
			<key>buildSettings</key>
			<dict>
				<key>BUNDLE_LOADER</key>
				<string>$(BUILT_PRODUCTS_DIR)/Brandymint.app/Brandymint</string>
				<key>FRAMEWORK_SEARCH_PATHS</key>
				<array>
					<string>"$(SDKROOT)/Developer/Library/Frameworks"</string>
					<string>"$(DEVELOPER_LIBRARY_DIR)/Frameworks"</string>
				</array>
				<key>GCC_PRECOMPILE_PREFIX_HEADER</key>
				<string>YES</string>
				<key>GCC_PREFIX_HEADER</key>
				<string>Brandymint/Brandymint-Prefix.pch</string>
				<key>INFOPLIST_FILE</key>
				<string>BrandymintTests/BrandymintTests-Info.plist</string>
				<key>PRODUCT_NAME</key>
				<string>$(TARGET_NAME)</string>
				<key>TEST_AFTER_BUILD</key>
				<string>YES</string>
				<key>TEST_HOST</key>
				<string>$(BUNDLE_LOADER)</string>
				<key>WRAPPER_EXTENSION</key>
				<string>octest</string>
			</dict>
			<key>isa</key>
			<string>XCBuildConfiguration</string>
			<key>name</key>
			<string>Release</string>
		</dict>
		<key>7C81922816E867FE00B71598</key>
		<dict>
			<key>children</key>
			<array>
				<string>18CE3B5716F885D500B5FF97</string>
				<string>18CE3B5B16F885D500B5FF97</string>
				<string>18CE3B5E16F885D500B5FF97</string>
				<string>7C81922A16E8684100B71598</string>
				<string>7C81924016E86CF600B71598</string>
			</array>
			<key>isa</key>
			<string>PBXGroup</string>
			<key>path</key>
			<string>Controllers</string>
			<key>sourceTree</key>
			<string>&lt;group&gt;</string>
		</dict>
		<key>7C81922916E867FE00B71598</key>
		<dict>
			<key>children</key>
			<array>
				<string>7C80D77316F2FBB9007D5E3B</string>
				<string>7C19C04E16F0966D003D6CDE</string>
				<string>7C01D4EF16EE0B70004216EC</string>
				<string>7C01D4F016EE0B70004216EC</string>
				<string>7C01D4F116EE0B70004216EC</string>
				<string>7C01D4F216EE0B70004216EC</string>
				<string>7C01D4F316EE0B70004216EC</string>
				<string>7C01D4F416EE0B70004216EC</string>
				<string>7C01D4F516EE0B70004216EC</string>
				<string>7C01D4F616EE0B70004216EC</string>
				<string>7C01D4F716EE0B70004216EC</string>
				<string>7C01D4F816EE0B70004216EC</string>
				<string>7C01D4F916EE0B70004216EC</string>
				<string>7C01D4FA16EE0B70004216EC</string>
				<string>7C01D4FB16EE0B70004216EC</string>
				<string>7C01D4FC16EE0B70004216EC</string>
				<string>7C01D4FD16EE0B70004216EC</string>
				<string>7C01D4FE16EE0B70004216EC</string>
				<string>7C01D4FF16EE0B70004216EC</string>
				<string>7C01D50016EE0B70004216EC</string>
				<string>7C01D50116EE0B70004216EC</string>
				<string>7C01D50216EE0B70004216EC</string>
				<string>7C01D50316EE0B70004216EC</string>
				<string>7C01D50416EE0B70004216EC</string>
				<string>7C81923A16E86B1400B71598</string>
				<string>7C81923B16E86B1400B71598</string>
				<string>7C81923C16E86B1400B71598</string>
			</array>
			<key>isa</key>
			<string>PBXGroup</string>
			<key>path</key>
			<string>Resources</string>
			<key>sourceTree</key>
			<string>&lt;group&gt;</string>
		</dict>
		<key>7C81922A16E8684100B71598</key>
		<dict>
			<key>children</key>
			<array>
				<string>7C81922B16E8685A00B71598</string>
				<string>7C81922C16E8685A00B71598</string>
				<string>7C81922D16E8685A00B71598</string>
			</array>
			<key>isa</key>
			<string>PBXGroup</string>
			<key>path</key>
			<string>OwnViewController</string>
			<key>sourceTree</key>
			<string>&lt;group&gt;</string>
		</dict>
		<key>7C81922B16E8685A00B71598</key>
		<dict>
			<key>fileEncoding</key>
			<string>4</string>
			<key>isa</key>
			<string>PBXFileReference</string>
			<key>lastKnownFileType</key>
			<string>sourcecode.c.h</string>
			<key>path</key>
			<string>OwnViewController.h</string>
			<key>sourceTree</key>
			<string>&lt;group&gt;</string>
		</dict>
		<key>7C81922C16E8685A00B71598</key>
		<dict>
			<key>fileEncoding</key>
			<string>4</string>
			<key>isa</key>
			<string>PBXFileReference</string>
			<key>lastKnownFileType</key>
			<string>sourcecode.c.objc</string>
			<key>path</key>
			<string>OwnViewController.m</string>
			<key>sourceTree</key>
			<string>&lt;group&gt;</string>
		</dict>
		<key>7C81922D16E8685A00B71598</key>
		<dict>
			<key>fileEncoding</key>
			<string>4</string>
			<key>isa</key>
			<string>PBXFileReference</string>
			<key>lastKnownFileType</key>
			<string>file.xib</string>
			<key>path</key>
			<string>OwnViewController.xib</string>
			<key>sourceTree</key>
			<string>&lt;group&gt;</string>
		</dict>
		<key>7C81922E16E8685A00B71598</key>
		<dict>
			<key>fileRef</key>
			<string>7C81922C16E8685A00B71598</string>
			<key>isa</key>
			<string>PBXBuildFile</string>
		</dict>
		<key>7C81922F16E8685A00B71598</key>
		<dict>
			<key>fileRef</key>
			<string>7C81922D16E8685A00B71598</string>
			<key>isa</key>
			<string>PBXBuildFile</string>
		</dict>
		<key>7C81923A16E86B1400B71598</key>
		<dict>
			<key>isa</key>
			<string>PBXFileReference</string>
			<key>lastKnownFileType</key>
			<string>image.jpeg</string>
			<key>path</key>
			<string>brandymint_2013_redesign_fnl.jpg</string>
			<key>sourceTree</key>
			<string>&lt;group&gt;</string>
		</dict>
		<key>7C81923B16E86B1400B71598</key>
		<dict>
			<key>isa</key>
			<string>PBXFileReference</string>
			<key>lastKnownFileType</key>
			<string>image.jpeg</string>
			<key>path</key>
			<string>brandymint_2013_redesign_fnl2.jpg</string>
			<key>sourceTree</key>
			<string>&lt;group&gt;</string>
		</dict>
		<key>7C81923C16E86B1400B71598</key>
		<dict>
			<key>isa</key>
			<string>PBXFileReference</string>
			<key>lastKnownFileType</key>
			<string>image.jpeg</string>
			<key>path</key>
			<string>brandymint_2013_redesign_fnl3.jpg</string>
			<key>sourceTree</key>
			<string>&lt;group&gt;</string>
		</dict>
		<key>7C81923D16E86B1400B71598</key>
		<dict>
			<key>fileRef</key>
			<string>7C81923A16E86B1400B71598</string>
			<key>isa</key>
			<string>PBXBuildFile</string>
		</dict>
		<key>7C81923E16E86B1400B71598</key>
		<dict>
			<key>fileRef</key>
			<string>7C81923B16E86B1400B71598</string>
			<key>isa</key>
			<string>PBXBuildFile</string>
		</dict>
		<key>7C81923F16E86B1400B71598</key>
		<dict>
			<key>fileRef</key>
			<string>7C81923C16E86B1400B71598</string>
			<key>isa</key>
			<string>PBXBuildFile</string>
		</dict>
		<key>7C81924016E86CF600B71598</key>
		<dict>
			<key>children</key>
			<array>
				<string>7C81924116E86D0B00B71598</string>
				<string>7C81924216E86D0B00B71598</string>
				<string>7C81924316E86D0B00B71598</string>
			</array>
			<key>isa</key>
			<string>PBXGroup</string>
			<key>path</key>
			<string>CardViewController</string>
			<key>sourceTree</key>
			<string>&lt;group&gt;</string>
		</dict>
		<key>7C81924116E86D0B00B71598</key>
		<dict>
			<key>fileEncoding</key>
			<string>4</string>
			<key>isa</key>
			<string>PBXFileReference</string>
			<key>lastKnownFileType</key>
			<string>sourcecode.c.h</string>
			<key>path</key>
			<string>CardViewController.h</string>
			<key>sourceTree</key>
			<string>&lt;group&gt;</string>
		</dict>
		<key>7C81924216E86D0B00B71598</key>
		<dict>
			<key>fileEncoding</key>
			<string>4</string>
			<key>isa</key>
			<string>PBXFileReference</string>
			<key>lastKnownFileType</key>
			<string>sourcecode.c.objc</string>
			<key>path</key>
			<string>CardViewController.m</string>
			<key>sourceTree</key>
			<string>&lt;group&gt;</string>
		</dict>
		<key>7C81924316E86D0B00B71598</key>
		<dict>
			<key>fileEncoding</key>
			<string>4</string>
			<key>isa</key>
			<string>PBXFileReference</string>
			<key>lastKnownFileType</key>
			<string>file.xib</string>
			<key>path</key>
			<string>CardViewController.xib</string>
			<key>sourceTree</key>
			<string>&lt;group&gt;</string>
		</dict>
		<key>7C81924416E86D0B00B71598</key>
		<dict>
			<key>fileRef</key>
			<string>7C81924216E86D0B00B71598</string>
			<key>isa</key>
			<string>PBXBuildFile</string>
		</dict>
		<key>7C81924516E86D0B00B71598</key>
		<dict>
			<key>fileRef</key>
			<string>7C81924316E86D0B00B71598</string>
			<key>isa</key>
			<string>PBXBuildFile</string>
		</dict>
		<key>7C81924616E898FA00B71598</key>
		<dict>
			<key>buildActionMask</key>
			<string>2147483647</string>
			<key>files</key>
			<array/>
			<key>inputPaths</key>
			<array/>
			<key>isa</key>
			<string>PBXShellScriptBuildPhase</string>
			<key>outputPaths</key>
			<array/>
			<key>runOnlyForDeploymentPostprocessing</key>
			<string>0</string>
			<key>shellPath</key>
			<string>/bin/sh</string>
			<key>shellScript</key>
			<string># touch -cm ${SRCROOT}/OWNTEST
#cp ${SRCROOT}/../TEST/1.jpg ${SRCROOT}/OWNTEST/1.jpg
#cp ${SRCROOT}/../TEST/2.jpg ${SRCROOT}/OWNTEST/2.jpg</string>
		</dict>
		<key>81269991E3B6413FBFA658D5</key>
		<dict>
			<key>fileRef</key>
			<string>0FE38750861049C6ACA269DD</string>
			<key>isa</key>
			<string>PBXBuildFile</string>
		</dict>
		<key>8326873016F73E3B000351BC</key>
		<dict>
			<key>fileEncoding</key>
			<string>4</string>
			<key>isa</key>
			<string>PBXFileReference</string>
			<key>lastKnownFileType</key>
			<string>sourcecode.c.h</string>
			<key>name</key>
			<string>BMCoreTextLabel.h</string>
			<key>path</key>
			<string>Brandymint/Common/BMCoreTextLabel.h</string>
			<key>sourceTree</key>
			<string>SOURCE_ROOT</string>
		</dict>
		<key>8326873116F73E3B000351BC</key>
		<dict>
			<key>fileEncoding</key>
			<string>4</string>
			<key>isa</key>
			<string>PBXFileReference</string>
			<key>lastKnownFileType</key>
			<string>sourcecode.c.objc</string>
			<key>name</key>
			<string>BMCoreTextLabel.m</string>
			<key>path</key>
			<string>Brandymint/Common/BMCoreTextLabel.m</string>
			<key>sourceTree</key>
			<string>SOURCE_ROOT</string>
		</dict>
		<key>8326873216F73E3B000351BC</key>
		<dict>
			<key>fileRef</key>
			<string>8326873116F73E3B000351BC</string>
			<key>isa</key>
			<string>PBXBuildFile</string>
		</dict>
		<key>833F447716F5ABC3003D0B5F</key>
		<dict>
			<key>isa</key>
			<string>PBXFileReference</string>
			<key>lastKnownFileType</key>
			<string>file</string>
			<key>path</key>
			<string>Brandymint.sqlite</string>
			<key>sourceTree</key>
			<string>&lt;group&gt;</string>
		</dict>
		<key>833F447816F5ABC4003D0B5F</key>
		<dict>
			<key>fileRef</key>
			<string>833F447716F5ABC3003D0B5F</string>
			<key>isa</key>
			<string>PBXBuildFile</string>
		</dict>
		<key>835303EC16F865CE009E3A1A</key>
		<dict>
			<key>isa</key>
			<string>PBXFileReference</string>
			<key>lastKnownFileType</key>
			<string>wrapper.framework</string>
			<key>name</key>
			<string>CoreText.framework</string>
			<key>path</key>
			<string>System/Library/Frameworks/CoreText.framework</string>
			<key>sourceTree</key>
			<string>SDKROOT</string>
		</dict>
		<key>835303ED16F865CE009E3A1A</key>
		<dict>
			<key>fileRef</key>
			<string>835303EC16F865CE009E3A1A</string>
			<key>isa</key>
			<string>PBXBuildFile</string>
		</dict>
		<key>835303EE16F865ED009E3A1A</key>
		<dict>
			<key>fileRef</key>
			<string>83D5A77816F3A429007D85AC</string>
			<key>isa</key>
			<string>PBXBuildFile</string>
		</dict>
		<key>835303EF16F8662F009E3A1A</key>
		<dict>
			<key>fileRef</key>
			<string>83D5A77616F3A41F007D85AC</string>
			<key>isa</key>
			<string>PBXBuildFile</string>
		</dict>
		<key>835303F016F86648009E3A1A</key>
		<dict>
			<key>fileRef</key>
			<string>83D5A77616F3A41F007D85AC</string>
			<key>isa</key>
			<string>PBXBuildFile</string>
		</dict>
		<key>835303F116F8664D009E3A1A</key>
		<dict>
			<key>fileRef</key>
			<string>83D5A77816F3A429007D85AC</string>
			<key>isa</key>
			<string>PBXBuildFile</string>
		</dict>
		<key>8362470316F83C44004AAEDD</key>
		<dict>
			<key>isa</key>
			<string>PBXFileReference</string>
			<key>lastKnownFileType</key>
			<string>archive.ar</string>
			<key>name</key>
			<string>libPods.a</string>
			<key>path</key>
			<string>Pods/build/Release-iphoneos/libPods.a</string>
			<key>sourceTree</key>
			<string>&lt;group&gt;</string>
		</dict>
		<key>8362470416F83C44004AAEDD</key>
		<dict>
			<key>fileRef</key>
			<string>8362470316F83C44004AAEDD</string>
			<key>isa</key>
			<string>PBXBuildFile</string>
			<key>settings</key>
			<dict>
				<key>ATTRIBUTES</key>
				<array>
					<string>Required</string>
				</array>
			</dict>
		</dict>
		<key>8362470516F83E11004AAEDD</key>
		<dict>
			<key>fileRef</key>
			<string>7C8191F116E867A000B71598</string>
			<key>isa</key>
			<string>PBXBuildFile</string>
		</dict>
		<key>8366B4D216F3513E00FE1490</key>
		<dict>
			<key>fileEncoding</key>
			<string>4</string>
			<key>isa</key>
			<string>PBXFileReference</string>
			<key>lastKnownFileType</key>
			<string>sourcecode.c.h</string>
			<key>name</key>
			<string>Entity.h</string>
			<key>path</key>
			<string>Model/Entity.h</string>
			<key>sourceTree</key>
			<string>&lt;group&gt;</string>
		</dict>
		<key>8366B4D316F3513E00FE1490</key>
		<dict>
			<key>fileEncoding</key>
			<string>4</string>
			<key>isa</key>
			<string>PBXFileReference</string>
			<key>lastKnownFileType</key>
			<string>sourcecode.c.objc</string>
			<key>name</key>
			<string>Entity.m</string>
			<key>path</key>
			<string>Model/Entity.m</string>
			<key>sourceTree</key>
			<string>&lt;group&gt;</string>
		</dict>
		<key>8366B4D416F3513E00FE1490</key>
		<dict>
			<key>fileRef</key>
			<string>8366B4D316F3513E00FE1490</string>
			<key>isa</key>
			<string>PBXBuildFile</string>
		</dict>
		<key>8392726916EF9B2900C9D303</key>
		<dict>
			<key>children</key>
			<array>
				<string>7C19C05616F0AC6B003D6CDE</string>
				<string>83C5E33F16F304BE00700A8C</string>
				<string>7C19C04716F09364003D6CDE</string>
				<string>7C19C04816F09364003D6CDE</string>
				<string>7C81920716E867A000B71598</string>
				<string>833F447716F5ABC3003D0B5F</string>
				<string>83B2380916EF92E900AA4E46</string>
				<string>83B2380A16EF92E900AA4E46</string>
			</array>
			<key>isa</key>
			<string>PBXGroup</string>
			<key>name</key>
			<string>Models</string>
			<key>sourceTree</key>
			<string>&lt;group&gt;</string>
		</dict>
		<key>8392726A16EF9B3A00C9D303</key>
		<dict>
			<key>children</key>
			<array>
				<string>7C8191FE16E867A000B71598</string>
				<string>7C8191FF16E867A000B71598</string>
			</array>
			<key>isa</key>
			<string>PBXGroup</string>
			<key>name</key>
			<string>Application</string>
			<key>sourceTree</key>
			<string>&lt;group&gt;</string>
		</dict>
		<key>83B2380916EF92E900AA4E46</key>
		<dict>
			<key>fileEncoding</key>
			<string>4</string>
			<key>isa</key>
			<string>PBXFileReference</string>
			<key>lastKnownFileType</key>
			<string>sourcecode.c.h</string>
			<key>path</key>
			<string>ImageToDataTransformer.h</string>
			<key>sourceTree</key>
			<string>&lt;group&gt;</string>
		</dict>
		<key>83B2380A16EF92E900AA4E46</key>
		<dict>
			<key>fileEncoding</key>
			<string>4</string>
			<key>isa</key>
			<string>PBXFileReference</string>
			<key>lastKnownFileType</key>
			<string>sourcecode.c.objc</string>
			<key>path</key>
			<string>ImageToDataTransformer.m</string>
			<key>sourceTree</key>
			<string>&lt;group&gt;</string>
		</dict>
		<key>83B2380B16EF92E900AA4E46</key>
		<dict>
			<key>fileRef</key>
			<string>83B2380A16EF92E900AA4E46</string>
			<key>isa</key>
			<string>PBXBuildFile</string>
		</dict>
		<key>83B2380C16EF92E900AA4E46</key>
		<dict>
			<key>fileRef</key>
			<string>83B2380A16EF92E900AA4E46</string>
			<key>isa</key>
			<string>PBXBuildFile</string>
		</dict>
		<key>83C5E33316F3035300700A8C</key>
		<dict>
			<key>fileEncoding</key>
			<string>4</string>
			<key>isa</key>
			<string>PBXFileReference</string>
			<key>lastKnownFileType</key>
			<string>sourcecode.c.h</string>
			<key>name</key>
			<string>Bloc.h</string>
			<key>path</key>
			<string>Model/Bloc.h</string>
			<key>sourceTree</key>
			<string>&lt;group&gt;</string>
		</dict>
		<key>83C5E33416F3035300700A8C</key>
		<dict>
			<key>fileEncoding</key>
			<string>4</string>
			<key>isa</key>
			<string>PBXFileReference</string>
			<key>lastKnownFileType</key>
			<string>sourcecode.c.objc</string>
			<key>name</key>
			<string>Bloc.m</string>
			<key>path</key>
			<string>Model/Bloc.m</string>
			<key>sourceTree</key>
			<string>&lt;group&gt;</string>
		</dict>
		<key>83C5E33516F3035300700A8C</key>
		<dict>
			<key>fileRef</key>
			<string>83C5E33416F3035300700A8C</string>
			<key>isa</key>
			<string>PBXBuildFile</string>
		</dict>
		<key>83C5E33616F3037C00700A8C</key>
		<dict>
			<key>fileEncoding</key>
			<string>4</string>
			<key>isa</key>
			<string>PBXFileReference</string>
			<key>lastKnownFileType</key>
			<string>sourcecode.c.h</string>
			<key>name</key>
			<string>Link.h</string>
			<key>path</key>
			<string>Model/Link.h</string>
			<key>sourceTree</key>
			<string>&lt;group&gt;</string>
		</dict>
		<key>83C5E33716F3037C00700A8C</key>
		<dict>
			<key>fileEncoding</key>
			<string>4</string>
			<key>isa</key>
			<string>PBXFileReference</string>
			<key>lastKnownFileType</key>
			<string>sourcecode.c.objc</string>
			<key>name</key>
			<string>Link.m</string>
			<key>path</key>
			<string>Model/Link.m</string>
			<key>sourceTree</key>
			<string>&lt;group&gt;</string>
		</dict>
		<key>83C5E33816F3037C00700A8C</key>
		<dict>
			<key>fileRef</key>
			<string>83C5E33716F3037C00700A8C</string>
			<key>isa</key>
			<string>PBXBuildFile</string>
		</dict>
		<key>83C5E33916F3048700700A8C</key>
		<dict>
			<key>fileEncoding</key>
			<string>4</string>
			<key>isa</key>
			<string>PBXFileReference</string>
			<key>lastKnownFileType</key>
			<string>sourcecode.c.h</string>
			<key>name</key>
			<string>BlocsRepository.h</string>
			<key>path</key>
			<string>Model/BlocsRepository.h</string>
			<key>sourceTree</key>
			<string>&lt;group&gt;</string>
		</dict>
		<key>83C5E33A16F3048700700A8C</key>
		<dict>
			<key>fileEncoding</key>
			<string>4</string>
			<key>isa</key>
			<string>PBXFileReference</string>
			<key>lastKnownFileType</key>
			<string>sourcecode.c.objc</string>
			<key>name</key>
			<string>BlocsRepository.m</string>
			<key>path</key>
			<string>Model/BlocsRepository.m</string>
			<key>sourceTree</key>
			<string>&lt;group&gt;</string>
		</dict>
		<key>83C5E33B16F3048800700A8C</key>
		<dict>
			<key>fileRef</key>
			<string>83C5E33A16F3048700700A8C</string>
			<key>isa</key>
			<string>PBXBuildFile</string>
		</dict>
		<key>83C5E33C16F304AC00700A8C</key>
		<dict>
			<key>fileEncoding</key>
			<string>4</string>
			<key>isa</key>
			<string>PBXFileReference</string>
			<key>lastKnownFileType</key>
			<string>sourcecode.c.h</string>
			<key>name</key>
			<string>LinksRepository.h</string>
			<key>path</key>
			<string>Model/LinksRepository.h</string>
			<key>sourceTree</key>
			<string>&lt;group&gt;</string>
		</dict>
		<key>83C5E33D16F304AD00700A8C</key>
		<dict>
			<key>fileEncoding</key>
			<string>4</string>
			<key>isa</key>
			<string>PBXFileReference</string>
			<key>lastKnownFileType</key>
			<string>sourcecode.c.objc</string>
			<key>name</key>
			<string>LinksRepository.m</string>
			<key>path</key>
			<string>Model/LinksRepository.m</string>
			<key>sourceTree</key>
			<string>&lt;group&gt;</string>
		</dict>
		<key>83C5E33E16F304AD00700A8C</key>
		<dict>
			<key>fileRef</key>
			<string>83C5E33D16F304AD00700A8C</string>
			<key>isa</key>
			<string>PBXBuildFile</string>
		</dict>
		<key>83C5E33F16F304BE00700A8C</key>
		<dict>
			<key>children</key>
			<array>
				<string>7C19C04A16F09393003D6CDE</string>
				<string>7C19C04B16F09393003D6CDE</string>
				<string>83C5E33916F3048700700A8C</string>
				<string>83C5E33A16F3048700700A8C</string>
				<string>83C5E33C16F304AC00700A8C</string>
				<string>83C5E33D16F304AD00700A8C</string>
				<string>83C5E34016F3067100700A8C</string>
				<string>83C5E34116F3067100700A8C</string>
			</array>
			<key>isa</key>
			<string>PBXGroup</string>
			<key>name</key>
			<string>Repositories</string>
			<key>sourceTree</key>
			<string>&lt;group&gt;</string>
		</dict>
		<key>83C5E34016F3067100700A8C</key>
		<dict>
			<key>fileEncoding</key>
			<string>4</string>
			<key>isa</key>
			<string>PBXFileReference</string>
			<key>lastKnownFileType</key>
			<string>sourcecode.c.h</string>
			<key>name</key>
			<string>BaseRepository.h</string>
			<key>path</key>
			<string>Model/BaseRepository.h</string>
			<key>sourceTree</key>
			<string>&lt;group&gt;</string>
		</dict>
		<key>83C5E34116F3067100700A8C</key>
		<dict>
			<key>fileEncoding</key>
			<string>4</string>
			<key>isa</key>
			<string>PBXFileReference</string>
			<key>lastKnownFileType</key>
			<string>sourcecode.c.objc</string>
			<key>name</key>
			<string>BaseRepository.m</string>
			<key>path</key>
			<string>Model/BaseRepository.m</string>
			<key>sourceTree</key>
			<string>&lt;group&gt;</string>
		</dict>
		<key>83C5E34216F3067100700A8C</key>
		<dict>
			<key>fileRef</key>
			<string>83C5E34116F3067100700A8C</string>
			<key>isa</key>
			<string>PBXBuildFile</string>
		</dict>
		<key>83D5A76A16F38F53007D85AC</key>
		<dict>
			<key>fileEncoding</key>
			<string>4</string>
			<key>isa</key>
			<string>PBXFileReference</string>
			<key>lastKnownFileType</key>
			<string>sourcecode.c.h</string>
			<key>name</key>
			<string>Card.h</string>
			<key>path</key>
			<string>Model/Card.h</string>
			<key>sourceTree</key>
			<string>&lt;group&gt;</string>
		</dict>
		<key>83D5A76B16F38F53007D85AC</key>
		<dict>
			<key>fileEncoding</key>
			<string>4</string>
			<key>isa</key>
			<string>PBXFileReference</string>
			<key>lastKnownFileType</key>
			<string>sourcecode.c.objc</string>
			<key>name</key>
			<string>Card.m</string>
			<key>path</key>
			<string>Model/Card.m</string>
			<key>sourceTree</key>
			<string>&lt;group&gt;</string>
		</dict>
		<key>83D5A76C16F38F53007D85AC</key>
		<dict>
			<key>fileRef</key>
			<string>83D5A76B16F38F53007D85AC</string>
			<key>isa</key>
			<string>PBXBuildFile</string>
		</dict>
		<key>83D5A76D16F38FE5007D85AC</key>
		<dict>
			<key>fileEncoding</key>
			<string>4</string>
			<key>isa</key>
			<string>PBXFileReference</string>
			<key>lastKnownFileType</key>
			<string>sourcecode.c.h</string>
			<key>name</key>
			<string>Image.h</string>
			<key>path</key>
			<string>Model/Image.h</string>
			<key>sourceTree</key>
			<string>&lt;group&gt;</string>
		</dict>
		<key>83D5A76E16F38FE5007D85AC</key>
		<dict>
			<key>fileEncoding</key>
			<string>4</string>
			<key>isa</key>
			<string>PBXFileReference</string>
			<key>lastKnownFileType</key>
			<string>sourcecode.c.objc</string>
			<key>name</key>
			<string>Image.m</string>
			<key>path</key>
			<string>Model/Image.m</string>
			<key>sourceTree</key>
			<string>&lt;group&gt;</string>
		</dict>
		<key>83D5A76F16F38FE5007D85AC</key>
		<dict>
			<key>fileRef</key>
			<string>83D5A76E16F38FE5007D85AC</string>
			<key>isa</key>
			<string>PBXBuildFile</string>
		</dict>
		<key>83D5A77616F3A41F007D85AC</key>
		<dict>
			<key>isa</key>
			<string>PBXFileReference</string>
			<key>lastKnownFileType</key>
			<string>wrapper.framework</string>
			<key>name</key>
			<string>SystemConfiguration.framework</string>
			<key>path</key>
			<string>System/Library/Frameworks/SystemConfiguration.framework</string>
			<key>sourceTree</key>
			<string>SDKROOT</string>
		</dict>
		<key>83D5A77816F3A429007D85AC</key>
		<dict>
			<key>isa</key>
			<string>PBXFileReference</string>
			<key>lastKnownFileType</key>
			<string>wrapper.framework</string>
			<key>name</key>
			<string>MobileCoreServices.framework</string>
			<key>path</key>
			<string>System/Library/Frameworks/MobileCoreServices.framework</string>
			<key>sourceTree</key>
			<string>SDKROOT</string>
		</dict>
		<key>887209B64A384D7AAB3EB873</key>
		<dict>
			<key>fileRef</key>
			<string>78EEBB50A0E24943907FA1B0</string>
			<key>isa</key>
			<string>PBXBuildFile</string>
			<key>settings</key>
			<dict/>
		</dict>
		<key>BA7DC43C4C2E4809B6772A37</key>
		<dict>
			<key>buildActionMask</key>
			<string>2147483647</string>
			<key>files</key>
			<array/>
			<key>inputPaths</key>
			<array/>
			<key>isa</key>
			<string>PBXShellScriptBuildPhase</string>
			<key>name</key>
			<string>Copy Pods Resources</string>
			<key>outputPaths</key>
			<array/>
			<key>runOnlyForDeploymentPostprocessing</key>
			<string>0</string>
			<key>shellPath</key>
			<string>/bin/sh</string>
			<key>shellScript</key>
			<string>"${SRCROOT}/Pods/Pods-resources.sh"
</string>
		</dict>
		<key>E353880DBB7D4D7EB41F93D3</key>
		<dict>
			<key>buildActionMask</key>
			<string>2147483647</string>
			<key>files</key>
			<array/>
			<key>inputPaths</key>
			<array/>
			<key>isa</key>
			<string>PBXShellScriptBuildPhase</string>
			<key>name</key>
			<string>Copy Pods Resources</string>
			<key>outputPaths</key>
			<array/>
			<key>runOnlyForDeploymentPostprocessing</key>
			<string>0</string>
			<key>shellPath</key>
			<string>/bin/sh</string>
			<key>shellScript</key>
			<string>"${SRCROOT}/Pods/Pods-LogicTests-resources.sh"
</string>
			<key>showEnvVarsInLog</key>
			<string>1</string>
		</dict>
		<key>EE832F4F9DB24A7F935CD76D</key>
		<dict>
			<key>includeInIndex</key>
			<string>1</string>
			<key>isa</key>
			<string>PBXFileReference</string>
			<key>lastKnownFileType</key>
			<string>text.xcconfig</string>
			<key>name</key>
			<string>Pods.xcconfig</string>
			<key>path</key>
			<string>Pods/Pods.xcconfig</string>
			<key>sourceTree</key>
			<string>SOURCE_ROOT</string>
		</dict>
		<key>EEE17E2FFE554A05A8A56B65</key>
		<dict>
			<key>includeInIndex</key>
			<string>1</string>
			<key>isa</key>
			<string>PBXFileReference</string>
			<key>lastKnownFileType</key>
			<string>text.xcconfig</string>
			<key>name</key>
			<string>Pods-LogicTests.xcconfig</string>
			<key>path</key>
			<string>Pods/Pods-LogicTests.xcconfig</string>
			<key>sourceTree</key>
			<string>SOURCE_ROOT</string>
		</dict>
	</dict>
	<key>rootObject</key>
	<string>7C8191E016E867A000B71598</string>
</dict>
</plist>
