PODS:
  - ABMultiton (1.0.0)
  - AFNetworking (1.1.0)
  - NMCustomLabel (0.1.1)
  - OCMock (2.0.1)
  - NUI (HEAD based on 0.2.7)

DEPENDENCIES:
  - ABMultiton
  - AFNetworking
  - NMCustomLabel (from `git://github.com/BrandyMint/NMCustomLabel.git`, tag `0.1.1`)
  - OCMock
  - NUI (HEAD)

EXTERNAL SOURCES:
  NMCustomLabel:
    :git: git://github.com/BrandyMint/NMCustomLabel.git
    :tag: 0.1.1

SPEC CHECKSUMS:
  ABMultiton: a32dda074f17f0faf11a84c7510c338369135b66
  AFNetworking: 761a418233d280c1e0580bcb76ff9cb4c3073d17
  NMCustomLabel: 20f5c45e29013a2a77b3d7fac63bc9a8c25c680e
  OCMock: 77a9c4c57af6bf258a537d34cf09abf422affede
  NUI: bc96741235be530960404a7c7b7aca8d7c2be81c

COCOAPODS: 0.17.0.rc5
